
Microsoft Visual Studio Solution File, Format Version 12.00
# Visual Studio 15
VisualStudioVersion = 15.0.27004.2010
MinimumVisualStudioVersion = 10.0.40219.1
Project("{9A19103F-16F7-4668-BE54-9A1E7A4F7556}") = "Xamarin.Forms.Platform.SkiaSharp", "Xamarin.Forms.Platform.SkiaSharp\Xamarin.Forms.Platform.SkiaSharp.csproj", "{8BDF8611-CBA1-43E2-A8C7-6AAB48D62A04}"
EndProject
Project("{2150E333-8FDC-42A3-9474-1A3956D46DE8}") = "Control Gallery", "Control Gallery", "{443C7EA9-7019-40BC-909C-F25EE64D98EF}"
EndProject
Project("{FAE04EC0-301F-11D3-BF4B-00C04F79EFBC}") = "Xamarin.Forms.Platform.SkiaSharp.iOS", "Xamarin.Forms.Platform.SkiaSharp.iOS\Xamarin.Forms.Platform.SkiaSharp.iOS.csproj", "{5DA13E73-FAE4-4228-A109-695835F7EA5C}"
EndProject
Project("{2150E333-8FDC-42A3-9474-1A3956D46DE8}") = "Platforms", "Platforms", "{B09B2AB4-F5AF-4616-9450-9220728144DD}"
EndProject
Project("{2150E333-8FDC-42A3-9474-1A3956D46DE8}") = "Xamarin.Forms", "Xamarin.Forms", "{DA6D5C2F-B48B-4968-8C4E-37E1992F27BC}"
EndProject
Project("{9A19103F-16F7-4668-BE54-9A1E7A4F7556}") = "Xamarin.Forms.Platform", "Xamarin.Forms.Platform\Xamarin.Forms.Platform.csproj", "{EE86C24F-45E5-4535-9DDE-C6DDE0850EF3}"
EndProject
Project("{9A19103F-16F7-4668-BE54-9A1E7A4F7556}") = "Xamarin.Forms.Core", "Xamarin.Forms.Core\Xamarin.Forms.Core.csproj", "{C15E3311-3959-4931-8C95-8B7CC42B6237}"
EndProject
Project("{FAE04EC0-301F-11D3-BF4B-00C04F79EFBC}") = "Xamarin.Forms.ControlGallery.SkiaSharp.Android", "Xamarin.Forms.ControlGallery.SkiaSharp.Android\Xamarin.Forms.ControlGallery.SkiaSharp.Android.csproj", "{EBDC23D1-A286-4E86-BF84-3E5BD211A3AB}"
EndProject
Project("{FAE04EC0-301F-11D3-BF4B-00C04F79EFBC}") = "Xamarin.Forms.ControlGallery.SkiaSharp.iOS", "Xamarin.Forms.ControlGallery.SkiaSharp.iOS\Xamarin.Forms.ControlGallery.SkiaSharp.iOS.csproj", "{9C0F22F6-2226-4EB3-84E4-7C2326D7DD78}"
EndProject
Project("{9A19103F-16F7-4668-BE54-9A1E7A4F7556}") = "Xamarin.Forms.Controls", "Xamarin.Forms.Controls\Xamarin.Forms.Controls.csproj", "{3AC44B55-ED9C-48C7-94BC-2B19C8C44046}"
EndProject
Project("{2150E333-8FDC-42A3-9474-1A3956D46DE8}") = "Xamarin.Forms.Xaml", "Xamarin.Forms.Xaml", "{92236401-F71D-4C45-AFB4-AB4F18831691}"
EndProject
Project("{9A19103F-16F7-4668-BE54-9A1E7A4F7556}") = "Xamarin.Forms.Xaml", "Xamarin.Forms.Xaml\Xamarin.Forms.Xaml.csproj", "{3D52548F-3C84-4661-A67F-D71A9877B9FB}"
EndProject
Project("{2150E333-8FDC-42A3-9474-1A3956D46DE8}") = "Xamarin.Forms.Maps", "Xamarin.Forms.Maps", "{B67269A1-70BA-46BE-BC48-0B8EB8F8152C}"
EndProject
Project("{9A19103F-16F7-4668-BE54-9A1E7A4F7556}") = "Xamarin.Forms.Maps", "Xamarin.Forms.Maps\Xamarin.Forms.Maps.csproj", "{84E1441A-B3C3-442D-A5CD-0F6E45D53BD7}"
EndProject
Project("{2150E333-8FDC-42A3-9474-1A3956D46DE8}") = "UITests", "UITests", "{88EFA627-271A-4762-962F-CD02EC7A5C14}"
EndProject
Project("{9A19103F-16F7-4668-BE54-9A1E7A4F7556}") = "Xamarin.Forms.CustomAttributes", "Xamarin.Forms.CustomAttributes\Xamarin.Forms.CustomAttributes.csproj", "{ACBE39D3-2D14-47B4-8A44-C96813AF00F4}"
EndProject
Project("{FAE04EC0-301F-11D3-BF4B-00C04F79EFBC}") = "Xamarin.Forms.Platform.SkiaSharp.Android", "Xamarin.Forms.Platform.SkiaSharp.Android\Xamarin.Forms.Platform.SkiaSharp.Android.csproj", "{89480FF8-A805-4745-A8E8-D83A0636DAC5}"
EndProject
Global
	GlobalSection(SolutionConfigurationPlatforms) = preSolution
		Ad-Hoc|Any CPU = Ad-Hoc|Any CPU
		Ad-Hoc|ARM = Ad-Hoc|ARM
		Ad-Hoc|iPhone = Ad-Hoc|iPhone
		Ad-Hoc|iPhoneSimulator = Ad-Hoc|iPhoneSimulator
		Ad-Hoc|x64 = Ad-Hoc|x64
		Ad-Hoc|x86 = Ad-Hoc|x86
		AppStore|Any CPU = AppStore|Any CPU
		AppStore|ARM = AppStore|ARM
		AppStore|iPhone = AppStore|iPhone
		AppStore|iPhoneSimulator = AppStore|iPhoneSimulator
		AppStore|x64 = AppStore|x64
		AppStore|x86 = AppStore|x86
		Debug|Any CPU = Debug|Any CPU
		Debug|ARM = Debug|ARM
		Debug|iPhone = Debug|iPhone
		Debug|iPhoneSimulator = Debug|iPhoneSimulator
		Debug|x64 = Debug|x64
		Debug|x86 = Debug|x86
		Release|Any CPU = Release|Any CPU
		Release|ARM = Release|ARM
		Release|iPhone = Release|iPhone
		Release|iPhoneSimulator = Release|iPhoneSimulator
		Release|x64 = Release|x64
		Release|x86 = Release|x86
	EndGlobalSection
	GlobalSection(ProjectConfigurationPlatforms) = postSolution
		{8BDF8611-CBA1-43E2-A8C7-6AAB48D62A04}.Ad-Hoc|Any CPU.ActiveCfg = Release|Any CPU
		{8BDF8611-CBA1-43E2-A8C7-6AAB48D62A04}.Ad-Hoc|Any CPU.Build.0 = Release|Any CPU
		{8BDF8611-CBA1-43E2-A8C7-6AAB48D62A04}.Ad-Hoc|ARM.ActiveCfg = Release|Any CPU
		{8BDF8611-CBA1-43E2-A8C7-6AAB48D62A04}.Ad-Hoc|ARM.Build.0 = Release|Any CPU
		{8BDF8611-CBA1-43E2-A8C7-6AAB48D62A04}.Ad-Hoc|iPhone.ActiveCfg = Release|Any CPU
		{8BDF8611-CBA1-43E2-A8C7-6AAB48D62A04}.Ad-Hoc|iPhone.Build.0 = Release|Any CPU
		{8BDF8611-CBA1-43E2-A8C7-6AAB48D62A04}.Ad-Hoc|iPhoneSimulator.ActiveCfg = Release|Any CPU
		{8BDF8611-CBA1-43E2-A8C7-6AAB48D62A04}.Ad-Hoc|iPhoneSimulator.Build.0 = Release|Any CPU
		{8BDF8611-CBA1-43E2-A8C7-6AAB48D62A04}.Ad-Hoc|x64.ActiveCfg = Release|Any CPU
		{8BDF8611-CBA1-43E2-A8C7-6AAB48D62A04}.Ad-Hoc|x64.Build.0 = Release|Any CPU
		{8BDF8611-CBA1-43E2-A8C7-6AAB48D62A04}.Ad-Hoc|x86.ActiveCfg = Release|Any CPU
		{8BDF8611-CBA1-43E2-A8C7-6AAB48D62A04}.Ad-Hoc|x86.Build.0 = Release|Any CPU
		{8BDF8611-CBA1-43E2-A8C7-6AAB48D62A04}.AppStore|Any CPU.ActiveCfg = Release|Any CPU
		{8BDF8611-CBA1-43E2-A8C7-6AAB48D62A04}.AppStore|Any CPU.Build.0 = Release|Any CPU
		{8BDF8611-CBA1-43E2-A8C7-6AAB48D62A04}.AppStore|ARM.ActiveCfg = Release|Any CPU
		{8BDF8611-CBA1-43E2-A8C7-6AAB48D62A04}.AppStore|ARM.Build.0 = Release|Any CPU
		{8BDF8611-CBA1-43E2-A8C7-6AAB48D62A04}.AppStore|iPhone.ActiveCfg = Release|Any CPU
		{8BDF8611-CBA1-43E2-A8C7-6AAB48D62A04}.AppStore|iPhone.Build.0 = Release|Any CPU
		{8BDF8611-CBA1-43E2-A8C7-6AAB48D62A04}.AppStore|iPhoneSimulator.ActiveCfg = Release|Any CPU
		{8BDF8611-CBA1-43E2-A8C7-6AAB48D62A04}.AppStore|iPhoneSimulator.Build.0 = Release|Any CPU
		{8BDF8611-CBA1-43E2-A8C7-6AAB48D62A04}.AppStore|x64.ActiveCfg = Release|Any CPU
		{8BDF8611-CBA1-43E2-A8C7-6AAB48D62A04}.AppStore|x64.Build.0 = Release|Any CPU
		{8BDF8611-CBA1-43E2-A8C7-6AAB48D62A04}.AppStore|x86.ActiveCfg = Release|Any CPU
		{8BDF8611-CBA1-43E2-A8C7-6AAB48D62A04}.AppStore|x86.Build.0 = Release|Any CPU
		{8BDF8611-CBA1-43E2-A8C7-6AAB48D62A04}.Debug|Any CPU.ActiveCfg = Debug|Any CPU
		{8BDF8611-CBA1-43E2-A8C7-6AAB48D62A04}.Debug|Any CPU.Build.0 = Debug|Any CPU
		{8BDF8611-CBA1-43E2-A8C7-6AAB48D62A04}.Debug|ARM.ActiveCfg = Debug|Any CPU
		{8BDF8611-CBA1-43E2-A8C7-6AAB48D62A04}.Debug|ARM.Build.0 = Debug|Any CPU
		{8BDF8611-CBA1-43E2-A8C7-6AAB48D62A04}.Debug|iPhone.ActiveCfg = Debug|Any CPU
		{8BDF8611-CBA1-43E2-A8C7-6AAB48D62A04}.Debug|iPhone.Build.0 = Debug|Any CPU
		{8BDF8611-CBA1-43E2-A8C7-6AAB48D62A04}.Debug|iPhoneSimulator.ActiveCfg = Debug|Any CPU
		{8BDF8611-CBA1-43E2-A8C7-6AAB48D62A04}.Debug|iPhoneSimulator.Build.0 = Debug|Any CPU
		{8BDF8611-CBA1-43E2-A8C7-6AAB48D62A04}.Debug|x64.ActiveCfg = Debug|Any CPU
		{8BDF8611-CBA1-43E2-A8C7-6AAB48D62A04}.Debug|x64.Build.0 = Debug|Any CPU
		{8BDF8611-CBA1-43E2-A8C7-6AAB48D62A04}.Debug|x86.ActiveCfg = Debug|Any CPU
		{8BDF8611-CBA1-43E2-A8C7-6AAB48D62A04}.Debug|x86.Build.0 = Debug|Any CPU
		{8BDF8611-CBA1-43E2-A8C7-6AAB48D62A04}.Release|Any CPU.ActiveCfg = Release|Any CPU
		{8BDF8611-CBA1-43E2-A8C7-6AAB48D62A04}.Release|Any CPU.Build.0 = Release|Any CPU
		{8BDF8611-CBA1-43E2-A8C7-6AAB48D62A04}.Release|ARM.ActiveCfg = Release|Any CPU
		{8BDF8611-CBA1-43E2-A8C7-6AAB48D62A04}.Release|ARM.Build.0 = Release|Any CPU
		{8BDF8611-CBA1-43E2-A8C7-6AAB48D62A04}.Release|iPhone.ActiveCfg = Release|Any CPU
		{8BDF8611-CBA1-43E2-A8C7-6AAB48D62A04}.Release|iPhone.Build.0 = Release|Any CPU
		{8BDF8611-CBA1-43E2-A8C7-6AAB48D62A04}.Release|iPhoneSimulator.ActiveCfg = Release|Any CPU
		{8BDF8611-CBA1-43E2-A8C7-6AAB48D62A04}.Release|iPhoneSimulator.Build.0 = Release|Any CPU
		{8BDF8611-CBA1-43E2-A8C7-6AAB48D62A04}.Release|x64.ActiveCfg = Release|Any CPU
		{8BDF8611-CBA1-43E2-A8C7-6AAB48D62A04}.Release|x64.Build.0 = Release|Any CPU
		{8BDF8611-CBA1-43E2-A8C7-6AAB48D62A04}.Release|x86.ActiveCfg = Release|Any CPU
		{8BDF8611-CBA1-43E2-A8C7-6AAB48D62A04}.Release|x86.Build.0 = Release|Any CPU
		{5DA13E73-FAE4-4228-A109-695835F7EA5C}.Ad-Hoc|Any CPU.ActiveCfg = Release|Any CPU
		{5DA13E73-FAE4-4228-A109-695835F7EA5C}.Ad-Hoc|Any CPU.Build.0 = Release|Any CPU
		{5DA13E73-FAE4-4228-A109-695835F7EA5C}.Ad-Hoc|ARM.ActiveCfg = Release|Any CPU
		{5DA13E73-FAE4-4228-A109-695835F7EA5C}.Ad-Hoc|ARM.Build.0 = Release|Any CPU
		{5DA13E73-FAE4-4228-A109-695835F7EA5C}.Ad-Hoc|iPhone.ActiveCfg = Release|Any CPU
		{5DA13E73-FAE4-4228-A109-695835F7EA5C}.Ad-Hoc|iPhone.Build.0 = Release|Any CPU
		{5DA13E73-FAE4-4228-A109-695835F7EA5C}.Ad-Hoc|iPhoneSimulator.ActiveCfg = Release|Any CPU
		{5DA13E73-FAE4-4228-A109-695835F7EA5C}.Ad-Hoc|iPhoneSimulator.Build.0 = Release|Any CPU
		{5DA13E73-FAE4-4228-A109-695835F7EA5C}.Ad-Hoc|x64.ActiveCfg = Release|Any CPU
		{5DA13E73-FAE4-4228-A109-695835F7EA5C}.Ad-Hoc|x64.Build.0 = Release|Any CPU
		{5DA13E73-FAE4-4228-A109-695835F7EA5C}.Ad-Hoc|x86.ActiveCfg = Release|Any CPU
		{5DA13E73-FAE4-4228-A109-695835F7EA5C}.Ad-Hoc|x86.Build.0 = Release|Any CPU
		{5DA13E73-FAE4-4228-A109-695835F7EA5C}.AppStore|Any CPU.ActiveCfg = Release|Any CPU
		{5DA13E73-FAE4-4228-A109-695835F7EA5C}.AppStore|Any CPU.Build.0 = Release|Any CPU
		{5DA13E73-FAE4-4228-A109-695835F7EA5C}.AppStore|ARM.ActiveCfg = Release|Any CPU
		{5DA13E73-FAE4-4228-A109-695835F7EA5C}.AppStore|ARM.Build.0 = Release|Any CPU
		{5DA13E73-FAE4-4228-A109-695835F7EA5C}.AppStore|iPhone.ActiveCfg = Release|Any CPU
		{5DA13E73-FAE4-4228-A109-695835F7EA5C}.AppStore|iPhone.Build.0 = Release|Any CPU
		{5DA13E73-FAE4-4228-A109-695835F7EA5C}.AppStore|iPhoneSimulator.ActiveCfg = Release|Any CPU
		{5DA13E73-FAE4-4228-A109-695835F7EA5C}.AppStore|iPhoneSimulator.Build.0 = Release|Any CPU
		{5DA13E73-FAE4-4228-A109-695835F7EA5C}.AppStore|x64.ActiveCfg = Release|Any CPU
		{5DA13E73-FAE4-4228-A109-695835F7EA5C}.AppStore|x64.Build.0 = Release|Any CPU
		{5DA13E73-FAE4-4228-A109-695835F7EA5C}.AppStore|x86.ActiveCfg = Release|Any CPU
		{5DA13E73-FAE4-4228-A109-695835F7EA5C}.AppStore|x86.Build.0 = Release|Any CPU
		{5DA13E73-FAE4-4228-A109-695835F7EA5C}.Debug|Any CPU.ActiveCfg = Debug|Any CPU
		{5DA13E73-FAE4-4228-A109-695835F7EA5C}.Debug|Any CPU.Build.0 = Debug|Any CPU
		{5DA13E73-FAE4-4228-A109-695835F7EA5C}.Debug|ARM.ActiveCfg = Debug|Any CPU
		{5DA13E73-FAE4-4228-A109-695835F7EA5C}.Debug|ARM.Build.0 = Debug|Any CPU
		{5DA13E73-FAE4-4228-A109-695835F7EA5C}.Debug|iPhone.ActiveCfg = Debug|Any CPU
		{5DA13E73-FAE4-4228-A109-695835F7EA5C}.Debug|iPhone.Build.0 = Debug|Any CPU
		{5DA13E73-FAE4-4228-A109-695835F7EA5C}.Debug|iPhoneSimulator.ActiveCfg = Debug|Any CPU
		{5DA13E73-FAE4-4228-A109-695835F7EA5C}.Debug|iPhoneSimulator.Build.0 = Debug|Any CPU
		{5DA13E73-FAE4-4228-A109-695835F7EA5C}.Debug|x64.ActiveCfg = Debug|Any CPU
		{5DA13E73-FAE4-4228-A109-695835F7EA5C}.Debug|x64.Build.0 = Debug|Any CPU
		{5DA13E73-FAE4-4228-A109-695835F7EA5C}.Debug|x86.ActiveCfg = Debug|Any CPU
		{5DA13E73-FAE4-4228-A109-695835F7EA5C}.Debug|x86.Build.0 = Debug|Any CPU
		{5DA13E73-FAE4-4228-A109-695835F7EA5C}.Release|Any CPU.ActiveCfg = Release|Any CPU
		{5DA13E73-FAE4-4228-A109-695835F7EA5C}.Release|Any CPU.Build.0 = Release|Any CPU
		{5DA13E73-FAE4-4228-A109-695835F7EA5C}.Release|ARM.ActiveCfg = Release|Any CPU
		{5DA13E73-FAE4-4228-A109-695835F7EA5C}.Release|ARM.Build.0 = Release|Any CPU
		{5DA13E73-FAE4-4228-A109-695835F7EA5C}.Release|iPhone.ActiveCfg = Release|Any CPU
		{5DA13E73-FAE4-4228-A109-695835F7EA5C}.Release|iPhone.Build.0 = Release|Any CPU
		{5DA13E73-FAE4-4228-A109-695835F7EA5C}.Release|iPhoneSimulator.ActiveCfg = Release|Any CPU
		{5DA13E73-FAE4-4228-A109-695835F7EA5C}.Release|iPhoneSimulator.Build.0 = Release|Any CPU
		{5DA13E73-FAE4-4228-A109-695835F7EA5C}.Release|x64.ActiveCfg = Release|Any CPU
		{5DA13E73-FAE4-4228-A109-695835F7EA5C}.Release|x64.Build.0 = Release|Any CPU
		{5DA13E73-FAE4-4228-A109-695835F7EA5C}.Release|x86.ActiveCfg = Release|Any CPU
		{5DA13E73-FAE4-4228-A109-695835F7EA5C}.Release|x86.Build.0 = Release|Any CPU
		{EE86C24F-45E5-4535-9DDE-C6DDE0850EF3}.Ad-Hoc|Any CPU.ActiveCfg = Debug|Any CPU
		{EE86C24F-45E5-4535-9DDE-C6DDE0850EF3}.Ad-Hoc|Any CPU.Build.0 = Debug|Any CPU
		{EE86C24F-45E5-4535-9DDE-C6DDE0850EF3}.Ad-Hoc|ARM.ActiveCfg = Debug|Any CPU
		{EE86C24F-45E5-4535-9DDE-C6DDE0850EF3}.Ad-Hoc|ARM.Build.0 = Debug|Any CPU
		{EE86C24F-45E5-4535-9DDE-C6DDE0850EF3}.Ad-Hoc|iPhone.ActiveCfg = Debug|Any CPU
		{EE86C24F-45E5-4535-9DDE-C6DDE0850EF3}.Ad-Hoc|iPhone.Build.0 = Debug|Any CPU
		{EE86C24F-45E5-4535-9DDE-C6DDE0850EF3}.Ad-Hoc|iPhoneSimulator.ActiveCfg = Debug|Any CPU
		{EE86C24F-45E5-4535-9DDE-C6DDE0850EF3}.Ad-Hoc|iPhoneSimulator.Build.0 = Debug|Any CPU
		{EE86C24F-45E5-4535-9DDE-C6DDE0850EF3}.Ad-Hoc|x64.ActiveCfg = Debug|Any CPU
		{EE86C24F-45E5-4535-9DDE-C6DDE0850EF3}.Ad-Hoc|x64.Build.0 = Debug|Any CPU
		{EE86C24F-45E5-4535-9DDE-C6DDE0850EF3}.Ad-Hoc|x86.ActiveCfg = Debug|Any CPU
		{EE86C24F-45E5-4535-9DDE-C6DDE0850EF3}.Ad-Hoc|x86.Build.0 = Debug|Any CPU
		{EE86C24F-45E5-4535-9DDE-C6DDE0850EF3}.AppStore|Any CPU.ActiveCfg = Debug|Any CPU
		{EE86C24F-45E5-4535-9DDE-C6DDE0850EF3}.AppStore|Any CPU.Build.0 = Debug|Any CPU
		{EE86C24F-45E5-4535-9DDE-C6DDE0850EF3}.AppStore|ARM.ActiveCfg = Debug|Any CPU
		{EE86C24F-45E5-4535-9DDE-C6DDE0850EF3}.AppStore|ARM.Build.0 = Debug|Any CPU
		{EE86C24F-45E5-4535-9DDE-C6DDE0850EF3}.AppStore|iPhone.ActiveCfg = Debug|Any CPU
		{EE86C24F-45E5-4535-9DDE-C6DDE0850EF3}.AppStore|iPhone.Build.0 = Debug|Any CPU
		{EE86C24F-45E5-4535-9DDE-C6DDE0850EF3}.AppStore|iPhoneSimulator.ActiveCfg = Debug|Any CPU
		{EE86C24F-45E5-4535-9DDE-C6DDE0850EF3}.AppStore|iPhoneSimulator.Build.0 = Debug|Any CPU
		{EE86C24F-45E5-4535-9DDE-C6DDE0850EF3}.AppStore|x64.ActiveCfg = Debug|Any CPU
		{EE86C24F-45E5-4535-9DDE-C6DDE0850EF3}.AppStore|x64.Build.0 = Debug|Any CPU
		{EE86C24F-45E5-4535-9DDE-C6DDE0850EF3}.AppStore|x86.ActiveCfg = Debug|Any CPU
		{EE86C24F-45E5-4535-9DDE-C6DDE0850EF3}.AppStore|x86.Build.0 = Debug|Any CPU
		{EE86C24F-45E5-4535-9DDE-C6DDE0850EF3}.Debug|Any CPU.ActiveCfg = Debug|Any CPU
		{EE86C24F-45E5-4535-9DDE-C6DDE0850EF3}.Debug|Any CPU.Build.0 = Debug|Any CPU
		{EE86C24F-45E5-4535-9DDE-C6DDE0850EF3}.Debug|ARM.ActiveCfg = Debug|Any CPU
		{EE86C24F-45E5-4535-9DDE-C6DDE0850EF3}.Debug|ARM.Build.0 = Debug|Any CPU
		{EE86C24F-45E5-4535-9DDE-C6DDE0850EF3}.Debug|iPhone.ActiveCfg = Debug|Any CPU
		{EE86C24F-45E5-4535-9DDE-C6DDE0850EF3}.Debug|iPhone.Build.0 = Debug|Any CPU
		{EE86C24F-45E5-4535-9DDE-C6DDE0850EF3}.Debug|iPhoneSimulator.ActiveCfg = Debug|Any CPU
		{EE86C24F-45E5-4535-9DDE-C6DDE0850EF3}.Debug|iPhoneSimulator.Build.0 = Debug|Any CPU
		{EE86C24F-45E5-4535-9DDE-C6DDE0850EF3}.Debug|x64.ActiveCfg = Debug|Any CPU
		{EE86C24F-45E5-4535-9DDE-C6DDE0850EF3}.Debug|x64.Build.0 = Debug|Any CPU
		{EE86C24F-45E5-4535-9DDE-C6DDE0850EF3}.Debug|x86.ActiveCfg = Debug|Any CPU
		{EE86C24F-45E5-4535-9DDE-C6DDE0850EF3}.Debug|x86.Build.0 = Debug|Any CPU
		{EE86C24F-45E5-4535-9DDE-C6DDE0850EF3}.Release|Any CPU.ActiveCfg = Release|Any CPU
		{EE86C24F-45E5-4535-9DDE-C6DDE0850EF3}.Release|Any CPU.Build.0 = Release|Any CPU
		{EE86C24F-45E5-4535-9DDE-C6DDE0850EF3}.Release|ARM.ActiveCfg = Release|Any CPU
		{EE86C24F-45E5-4535-9DDE-C6DDE0850EF3}.Release|ARM.Build.0 = Release|Any CPU
		{EE86C24F-45E5-4535-9DDE-C6DDE0850EF3}.Release|iPhone.ActiveCfg = Release|Any CPU
		{EE86C24F-45E5-4535-9DDE-C6DDE0850EF3}.Release|iPhone.Build.0 = Release|Any CPU
		{EE86C24F-45E5-4535-9DDE-C6DDE0850EF3}.Release|iPhoneSimulator.ActiveCfg = Release|Any CPU
		{EE86C24F-45E5-4535-9DDE-C6DDE0850EF3}.Release|iPhoneSimulator.Build.0 = Release|Any CPU
		{EE86C24F-45E5-4535-9DDE-C6DDE0850EF3}.Release|x64.ActiveCfg = Release|Any CPU
		{EE86C24F-45E5-4535-9DDE-C6DDE0850EF3}.Release|x64.Build.0 = Release|Any CPU
		{EE86C24F-45E5-4535-9DDE-C6DDE0850EF3}.Release|x86.ActiveCfg = Release|Any CPU
		{EE86C24F-45E5-4535-9DDE-C6DDE0850EF3}.Release|x86.Build.0 = Release|Any CPU
		{C15E3311-3959-4931-8C95-8B7CC42B6237}.Ad-Hoc|Any CPU.ActiveCfg = Debug|Any CPU
		{C15E3311-3959-4931-8C95-8B7CC42B6237}.Ad-Hoc|Any CPU.Build.0 = Debug|Any CPU
		{C15E3311-3959-4931-8C95-8B7CC42B6237}.Ad-Hoc|ARM.ActiveCfg = Debug|Any CPU
		{C15E3311-3959-4931-8C95-8B7CC42B6237}.Ad-Hoc|ARM.Build.0 = Debug|Any CPU
		{C15E3311-3959-4931-8C95-8B7CC42B6237}.Ad-Hoc|iPhone.ActiveCfg = Debug|Any CPU
		{C15E3311-3959-4931-8C95-8B7CC42B6237}.Ad-Hoc|iPhone.Build.0 = Debug|Any CPU
		{C15E3311-3959-4931-8C95-8B7CC42B6237}.Ad-Hoc|iPhoneSimulator.ActiveCfg = Debug|Any CPU
		{C15E3311-3959-4931-8C95-8B7CC42B6237}.Ad-Hoc|iPhoneSimulator.Build.0 = Debug|Any CPU
		{C15E3311-3959-4931-8C95-8B7CC42B6237}.Ad-Hoc|x64.ActiveCfg = Debug|Any CPU
		{C15E3311-3959-4931-8C95-8B7CC42B6237}.Ad-Hoc|x64.Build.0 = Debug|Any CPU
		{C15E3311-3959-4931-8C95-8B7CC42B6237}.Ad-Hoc|x86.ActiveCfg = Debug|Any CPU
		{C15E3311-3959-4931-8C95-8B7CC42B6237}.Ad-Hoc|x86.Build.0 = Debug|Any CPU
		{C15E3311-3959-4931-8C95-8B7CC42B6237}.AppStore|Any CPU.ActiveCfg = Debug|Any CPU
		{C15E3311-3959-4931-8C95-8B7CC42B6237}.AppStore|Any CPU.Build.0 = Debug|Any CPU
		{C15E3311-3959-4931-8C95-8B7CC42B6237}.AppStore|ARM.ActiveCfg = Debug|Any CPU
		{C15E3311-3959-4931-8C95-8B7CC42B6237}.AppStore|ARM.Build.0 = Debug|Any CPU
		{C15E3311-3959-4931-8C95-8B7CC42B6237}.AppStore|iPhone.ActiveCfg = Debug|Any CPU
		{C15E3311-3959-4931-8C95-8B7CC42B6237}.AppStore|iPhone.Build.0 = Debug|Any CPU
		{C15E3311-3959-4931-8C95-8B7CC42B6237}.AppStore|iPhoneSimulator.ActiveCfg = Debug|Any CPU
		{C15E3311-3959-4931-8C95-8B7CC42B6237}.AppStore|iPhoneSimulator.Build.0 = Debug|Any CPU
		{C15E3311-3959-4931-8C95-8B7CC42B6237}.AppStore|x64.ActiveCfg = Debug|Any CPU
		{C15E3311-3959-4931-8C95-8B7CC42B6237}.AppStore|x64.Build.0 = Debug|Any CPU
		{C15E3311-3959-4931-8C95-8B7CC42B6237}.AppStore|x86.ActiveCfg = Debug|Any CPU
		{C15E3311-3959-4931-8C95-8B7CC42B6237}.AppStore|x86.Build.0 = Debug|Any CPU
		{C15E3311-3959-4931-8C95-8B7CC42B6237}.Debug|Any CPU.ActiveCfg = Debug|Any CPU
		{C15E3311-3959-4931-8C95-8B7CC42B6237}.Debug|Any CPU.Build.0 = Debug|Any CPU
		{C15E3311-3959-4931-8C95-8B7CC42B6237}.Debug|ARM.ActiveCfg = Debug|Any CPU
		{C15E3311-3959-4931-8C95-8B7CC42B6237}.Debug|ARM.Build.0 = Debug|Any CPU
		{C15E3311-3959-4931-8C95-8B7CC42B6237}.Debug|iPhone.ActiveCfg = Debug|Any CPU
		{C15E3311-3959-4931-8C95-8B7CC42B6237}.Debug|iPhone.Build.0 = Debug|Any CPU
		{C15E3311-3959-4931-8C95-8B7CC42B6237}.Debug|iPhoneSimulator.ActiveCfg = Debug|Any CPU
		{C15E3311-3959-4931-8C95-8B7CC42B6237}.Debug|iPhoneSimulator.Build.0 = Debug|Any CPU
		{C15E3311-3959-4931-8C95-8B7CC42B6237}.Debug|x64.ActiveCfg = Debug|Any CPU
		{C15E3311-3959-4931-8C95-8B7CC42B6237}.Debug|x64.Build.0 = Debug|Any CPU
		{C15E3311-3959-4931-8C95-8B7CC42B6237}.Debug|x86.ActiveCfg = Debug|Any CPU
		{C15E3311-3959-4931-8C95-8B7CC42B6237}.Debug|x86.Build.0 = Debug|Any CPU
		{C15E3311-3959-4931-8C95-8B7CC42B6237}.Release|Any CPU.ActiveCfg = Release|Any CPU
		{C15E3311-3959-4931-8C95-8B7CC42B6237}.Release|Any CPU.Build.0 = Release|Any CPU
		{C15E3311-3959-4931-8C95-8B7CC42B6237}.Release|ARM.ActiveCfg = Release|Any CPU
		{C15E3311-3959-4931-8C95-8B7CC42B6237}.Release|ARM.Build.0 = Release|Any CPU
		{C15E3311-3959-4931-8C95-8B7CC42B6237}.Release|iPhone.ActiveCfg = Release|Any CPU
		{C15E3311-3959-4931-8C95-8B7CC42B6237}.Release|iPhone.Build.0 = Release|Any CPU
		{C15E3311-3959-4931-8C95-8B7CC42B6237}.Release|iPhoneSimulator.ActiveCfg = Release|Any CPU
		{C15E3311-3959-4931-8C95-8B7CC42B6237}.Release|iPhoneSimulator.Build.0 = Release|Any CPU
		{C15E3311-3959-4931-8C95-8B7CC42B6237}.Release|x64.ActiveCfg = Release|Any CPU
		{C15E3311-3959-4931-8C95-8B7CC42B6237}.Release|x64.Build.0 = Release|Any CPU
		{C15E3311-3959-4931-8C95-8B7CC42B6237}.Release|x86.ActiveCfg = Release|Any CPU
		{C15E3311-3959-4931-8C95-8B7CC42B6237}.Release|x86.Build.0 = Release|Any CPU
		{EBDC23D1-A286-4E86-BF84-3E5BD211A3AB}.Ad-Hoc|Any CPU.ActiveCfg = Release|Any CPU
		{EBDC23D1-A286-4E86-BF84-3E5BD211A3AB}.Ad-Hoc|Any CPU.Build.0 = Release|Any CPU
		{EBDC23D1-A286-4E86-BF84-3E5BD211A3AB}.Ad-Hoc|Any CPU.Deploy.0 = Release|Any CPU
		{EBDC23D1-A286-4E86-BF84-3E5BD211A3AB}.Ad-Hoc|ARM.ActiveCfg = Release|Any CPU
		{EBDC23D1-A286-4E86-BF84-3E5BD211A3AB}.Ad-Hoc|ARM.Build.0 = Release|Any CPU
		{EBDC23D1-A286-4E86-BF84-3E5BD211A3AB}.Ad-Hoc|ARM.Deploy.0 = Release|Any CPU
		{EBDC23D1-A286-4E86-BF84-3E5BD211A3AB}.Ad-Hoc|iPhone.ActiveCfg = Release|Any CPU
		{EBDC23D1-A286-4E86-BF84-3E5BD211A3AB}.Ad-Hoc|iPhone.Build.0 = Release|Any CPU
		{EBDC23D1-A286-4E86-BF84-3E5BD211A3AB}.Ad-Hoc|iPhone.Deploy.0 = Release|Any CPU
		{EBDC23D1-A286-4E86-BF84-3E5BD211A3AB}.Ad-Hoc|iPhoneSimulator.ActiveCfg = Release|Any CPU
		{EBDC23D1-A286-4E86-BF84-3E5BD211A3AB}.Ad-Hoc|iPhoneSimulator.Build.0 = Release|Any CPU
		{EBDC23D1-A286-4E86-BF84-3E5BD211A3AB}.Ad-Hoc|iPhoneSimulator.Deploy.0 = Release|Any CPU
		{EBDC23D1-A286-4E86-BF84-3E5BD211A3AB}.Ad-Hoc|x64.ActiveCfg = Release|Any CPU
		{EBDC23D1-A286-4E86-BF84-3E5BD211A3AB}.Ad-Hoc|x64.Build.0 = Release|Any CPU
		{EBDC23D1-A286-4E86-BF84-3E5BD211A3AB}.Ad-Hoc|x64.Deploy.0 = Release|Any CPU
		{EBDC23D1-A286-4E86-BF84-3E5BD211A3AB}.Ad-Hoc|x86.ActiveCfg = Release|Any CPU
		{EBDC23D1-A286-4E86-BF84-3E5BD211A3AB}.Ad-Hoc|x86.Build.0 = Release|Any CPU
		{EBDC23D1-A286-4E86-BF84-3E5BD211A3AB}.Ad-Hoc|x86.Deploy.0 = Release|Any CPU
		{EBDC23D1-A286-4E86-BF84-3E5BD211A3AB}.AppStore|Any CPU.ActiveCfg = Release|Any CPU
		{EBDC23D1-A286-4E86-BF84-3E5BD211A3AB}.AppStore|Any CPU.Build.0 = Release|Any CPU
		{EBDC23D1-A286-4E86-BF84-3E5BD211A3AB}.AppStore|Any CPU.Deploy.0 = Release|Any CPU
		{EBDC23D1-A286-4E86-BF84-3E5BD211A3AB}.AppStore|ARM.ActiveCfg = Release|Any CPU
		{EBDC23D1-A286-4E86-BF84-3E5BD211A3AB}.AppStore|ARM.Build.0 = Release|Any CPU
		{EBDC23D1-A286-4E86-BF84-3E5BD211A3AB}.AppStore|ARM.Deploy.0 = Release|Any CPU
		{EBDC23D1-A286-4E86-BF84-3E5BD211A3AB}.AppStore|iPhone.ActiveCfg = Release|Any CPU
		{EBDC23D1-A286-4E86-BF84-3E5BD211A3AB}.AppStore|iPhone.Build.0 = Release|Any CPU
		{EBDC23D1-A286-4E86-BF84-3E5BD211A3AB}.AppStore|iPhone.Deploy.0 = Release|Any CPU
		{EBDC23D1-A286-4E86-BF84-3E5BD211A3AB}.AppStore|iPhoneSimulator.ActiveCfg = Release|Any CPU
		{EBDC23D1-A286-4E86-BF84-3E5BD211A3AB}.AppStore|iPhoneSimulator.Build.0 = Release|Any CPU
		{EBDC23D1-A286-4E86-BF84-3E5BD211A3AB}.AppStore|iPhoneSimulator.Deploy.0 = Release|Any CPU
		{EBDC23D1-A286-4E86-BF84-3E5BD211A3AB}.AppStore|x64.ActiveCfg = Release|Any CPU
		{EBDC23D1-A286-4E86-BF84-3E5BD211A3AB}.AppStore|x64.Build.0 = Release|Any CPU
		{EBDC23D1-A286-4E86-BF84-3E5BD211A3AB}.AppStore|x64.Deploy.0 = Release|Any CPU
		{EBDC23D1-A286-4E86-BF84-3E5BD211A3AB}.AppStore|x86.ActiveCfg = Release|Any CPU
		{EBDC23D1-A286-4E86-BF84-3E5BD211A3AB}.AppStore|x86.Build.0 = Release|Any CPU
		{EBDC23D1-A286-4E86-BF84-3E5BD211A3AB}.AppStore|x86.Deploy.0 = Release|Any CPU
		{EBDC23D1-A286-4E86-BF84-3E5BD211A3AB}.Debug|Any CPU.ActiveCfg = Debug|Any CPU
		{EBDC23D1-A286-4E86-BF84-3E5BD211A3AB}.Debug|Any CPU.Build.0 = Debug|Any CPU
		{EBDC23D1-A286-4E86-BF84-3E5BD211A3AB}.Debug|Any CPU.Deploy.0 = Debug|Any CPU
		{EBDC23D1-A286-4E86-BF84-3E5BD211A3AB}.Debug|ARM.ActiveCfg = Debug|Any CPU
		{EBDC23D1-A286-4E86-BF84-3E5BD211A3AB}.Debug|ARM.Build.0 = Debug|Any CPU
		{EBDC23D1-A286-4E86-BF84-3E5BD211A3AB}.Debug|ARM.Deploy.0 = Debug|Any CPU
		{EBDC23D1-A286-4E86-BF84-3E5BD211A3AB}.Debug|iPhone.ActiveCfg = Debug|Any CPU
		{EBDC23D1-A286-4E86-BF84-3E5BD211A3AB}.Debug|iPhone.Build.0 = Debug|Any CPU
		{EBDC23D1-A286-4E86-BF84-3E5BD211A3AB}.Debug|iPhone.Deploy.0 = Debug|Any CPU
		{EBDC23D1-A286-4E86-BF84-3E5BD211A3AB}.Debug|iPhoneSimulator.ActiveCfg = Debug|Any CPU
		{EBDC23D1-A286-4E86-BF84-3E5BD211A3AB}.Debug|iPhoneSimulator.Build.0 = Debug|Any CPU
		{EBDC23D1-A286-4E86-BF84-3E5BD211A3AB}.Debug|iPhoneSimulator.Deploy.0 = Debug|Any CPU
		{EBDC23D1-A286-4E86-BF84-3E5BD211A3AB}.Debug|x64.ActiveCfg = Debug|Any CPU
		{EBDC23D1-A286-4E86-BF84-3E5BD211A3AB}.Debug|x64.Build.0 = Debug|Any CPU
		{EBDC23D1-A286-4E86-BF84-3E5BD211A3AB}.Debug|x64.Deploy.0 = Debug|Any CPU
		{EBDC23D1-A286-4E86-BF84-3E5BD211A3AB}.Debug|x86.ActiveCfg = Debug|Any CPU
		{EBDC23D1-A286-4E86-BF84-3E5BD211A3AB}.Debug|x86.Build.0 = Debug|Any CPU
		{EBDC23D1-A286-4E86-BF84-3E5BD211A3AB}.Debug|x86.Deploy.0 = Debug|Any CPU
		{EBDC23D1-A286-4E86-BF84-3E5BD211A3AB}.Release|Any CPU.ActiveCfg = Release|Any CPU
		{EBDC23D1-A286-4E86-BF84-3E5BD211A3AB}.Release|Any CPU.Build.0 = Release|Any CPU
		{EBDC23D1-A286-4E86-BF84-3E5BD211A3AB}.Release|Any CPU.Deploy.0 = Release|Any CPU
		{EBDC23D1-A286-4E86-BF84-3E5BD211A3AB}.Release|ARM.ActiveCfg = Release|Any CPU
		{EBDC23D1-A286-4E86-BF84-3E5BD211A3AB}.Release|ARM.Build.0 = Release|Any CPU
		{EBDC23D1-A286-4E86-BF84-3E5BD211A3AB}.Release|ARM.Deploy.0 = Release|Any CPU
		{EBDC23D1-A286-4E86-BF84-3E5BD211A3AB}.Release|iPhone.ActiveCfg = Release|Any CPU
		{EBDC23D1-A286-4E86-BF84-3E5BD211A3AB}.Release|iPhone.Build.0 = Release|Any CPU
		{EBDC23D1-A286-4E86-BF84-3E5BD211A3AB}.Release|iPhone.Deploy.0 = Release|Any CPU
		{EBDC23D1-A286-4E86-BF84-3E5BD211A3AB}.Release|iPhoneSimulator.ActiveCfg = Release|Any CPU
		{EBDC23D1-A286-4E86-BF84-3E5BD211A3AB}.Release|iPhoneSimulator.Build.0 = Release|Any CPU
		{EBDC23D1-A286-4E86-BF84-3E5BD211A3AB}.Release|iPhoneSimulator.Deploy.0 = Release|Any CPU
		{EBDC23D1-A286-4E86-BF84-3E5BD211A3AB}.Release|x64.ActiveCfg = Release|Any CPU
		{EBDC23D1-A286-4E86-BF84-3E5BD211A3AB}.Release|x64.Build.0 = Release|Any CPU
		{EBDC23D1-A286-4E86-BF84-3E5BD211A3AB}.Release|x64.Deploy.0 = Release|Any CPU
		{EBDC23D1-A286-4E86-BF84-3E5BD211A3AB}.Release|x86.ActiveCfg = Release|Any CPU
		{EBDC23D1-A286-4E86-BF84-3E5BD211A3AB}.Release|x86.Build.0 = Release|Any CPU
		{EBDC23D1-A286-4E86-BF84-3E5BD211A3AB}.Release|x86.Deploy.0 = Release|Any CPU
		{9C0F22F6-2226-4EB3-84E4-7C2326D7DD78}.Ad-Hoc|Any CPU.ActiveCfg = Ad-Hoc|iPhone
		{9C0F22F6-2226-4EB3-84E4-7C2326D7DD78}.Ad-Hoc|ARM.ActiveCfg = Ad-Hoc|iPhone
		{9C0F22F6-2226-4EB3-84E4-7C2326D7DD78}.Ad-Hoc|iPhone.ActiveCfg = Ad-Hoc|iPhone
		{9C0F22F6-2226-4EB3-84E4-7C2326D7DD78}.Ad-Hoc|iPhone.Build.0 = Ad-Hoc|iPhone
		{9C0F22F6-2226-4EB3-84E4-7C2326D7DD78}.Ad-Hoc|iPhoneSimulator.ActiveCfg = Ad-Hoc|iPhoneSimulator
		{9C0F22F6-2226-4EB3-84E4-7C2326D7DD78}.Ad-Hoc|iPhoneSimulator.Build.0 = Ad-Hoc|iPhoneSimulator
		{9C0F22F6-2226-4EB3-84E4-7C2326D7DD78}.Ad-Hoc|x64.ActiveCfg = Ad-Hoc|iPhone
		{9C0F22F6-2226-4EB3-84E4-7C2326D7DD78}.Ad-Hoc|x86.ActiveCfg = Ad-Hoc|iPhone
		{9C0F22F6-2226-4EB3-84E4-7C2326D7DD78}.AppStore|Any CPU.ActiveCfg = AppStore|iPhone
		{9C0F22F6-2226-4EB3-84E4-7C2326D7DD78}.AppStore|ARM.ActiveCfg = AppStore|iPhone
		{9C0F22F6-2226-4EB3-84E4-7C2326D7DD78}.AppStore|iPhone.ActiveCfg = AppStore|iPhone
		{9C0F22F6-2226-4EB3-84E4-7C2326D7DD78}.AppStore|iPhone.Build.0 = AppStore|iPhone
		{9C0F22F6-2226-4EB3-84E4-7C2326D7DD78}.AppStore|iPhoneSimulator.ActiveCfg = AppStore|iPhoneSimulator
		{9C0F22F6-2226-4EB3-84E4-7C2326D7DD78}.AppStore|iPhoneSimulator.Build.0 = AppStore|iPhoneSimulator
		{9C0F22F6-2226-4EB3-84E4-7C2326D7DD78}.AppStore|x64.ActiveCfg = AppStore|iPhone
		{9C0F22F6-2226-4EB3-84E4-7C2326D7DD78}.AppStore|x86.ActiveCfg = AppStore|iPhone
		{9C0F22F6-2226-4EB3-84E4-7C2326D7DD78}.Debug|Any CPU.ActiveCfg = Debug|iPhone
		{9C0F22F6-2226-4EB3-84E4-7C2326D7DD78}.Debug|ARM.ActiveCfg = Debug|iPhone
		{9C0F22F6-2226-4EB3-84E4-7C2326D7DD78}.Debug|iPhone.ActiveCfg = Debug|iPhone
		{9C0F22F6-2226-4EB3-84E4-7C2326D7DD78}.Debug|iPhone.Build.0 = Debug|iPhone
		{9C0F22F6-2226-4EB3-84E4-7C2326D7DD78}.Debug|iPhoneSimulator.ActiveCfg = Debug|iPhoneSimulator
		{9C0F22F6-2226-4EB3-84E4-7C2326D7DD78}.Debug|iPhoneSimulator.Build.0 = Debug|iPhoneSimulator
		{9C0F22F6-2226-4EB3-84E4-7C2326D7DD78}.Debug|x64.ActiveCfg = Debug|iPhone
		{9C0F22F6-2226-4EB3-84E4-7C2326D7DD78}.Debug|x86.ActiveCfg = Debug|iPhone
		{9C0F22F6-2226-4EB3-84E4-7C2326D7DD78}.Release|Any CPU.ActiveCfg = Release|iPhone
		{9C0F22F6-2226-4EB3-84E4-7C2326D7DD78}.Release|ARM.ActiveCfg = Release|iPhone
		{9C0F22F6-2226-4EB3-84E4-7C2326D7DD78}.Release|iPhone.ActiveCfg = Release|iPhone
		{9C0F22F6-2226-4EB3-84E4-7C2326D7DD78}.Release|iPhone.Build.0 = Release|iPhone
		{9C0F22F6-2226-4EB3-84E4-7C2326D7DD78}.Release|iPhoneSimulator.ActiveCfg = Release|iPhoneSimulator
		{9C0F22F6-2226-4EB3-84E4-7C2326D7DD78}.Release|iPhoneSimulator.Build.0 = Release|iPhoneSimulator
		{9C0F22F6-2226-4EB3-84E4-7C2326D7DD78}.Release|x64.ActiveCfg = Release|iPhone
		{9C0F22F6-2226-4EB3-84E4-7C2326D7DD78}.Release|x86.ActiveCfg = Release|iPhone
		{3AC44B55-ED9C-48C7-94BC-2B19C8C44046}.Ad-Hoc|Any CPU.ActiveCfg = Debug|Any CPU
		{3AC44B55-ED9C-48C7-94BC-2B19C8C44046}.Ad-Hoc|Any CPU.Build.0 = Debug|Any CPU
		{3AC44B55-ED9C-48C7-94BC-2B19C8C44046}.Ad-Hoc|ARM.ActiveCfg = Debug|Any CPU
		{3AC44B55-ED9C-48C7-94BC-2B19C8C44046}.Ad-Hoc|ARM.Build.0 = Debug|Any CPU
		{3AC44B55-ED9C-48C7-94BC-2B19C8C44046}.Ad-Hoc|iPhone.ActiveCfg = Debug|Any CPU
		{3AC44B55-ED9C-48C7-94BC-2B19C8C44046}.Ad-Hoc|iPhone.Build.0 = Debug|Any CPU
		{3AC44B55-ED9C-48C7-94BC-2B19C8C44046}.Ad-Hoc|iPhoneSimulator.ActiveCfg = Debug|Any CPU
		{3AC44B55-ED9C-48C7-94BC-2B19C8C44046}.Ad-Hoc|iPhoneSimulator.Build.0 = Debug|Any CPU
		{3AC44B55-ED9C-48C7-94BC-2B19C8C44046}.Ad-Hoc|x64.ActiveCfg = Debug|Any CPU
		{3AC44B55-ED9C-48C7-94BC-2B19C8C44046}.Ad-Hoc|x64.Build.0 = Debug|Any CPU
		{3AC44B55-ED9C-48C7-94BC-2B19C8C44046}.Ad-Hoc|x86.ActiveCfg = Debug|Any CPU
		{3AC44B55-ED9C-48C7-94BC-2B19C8C44046}.Ad-Hoc|x86.Build.0 = Debug|Any CPU
		{3AC44B55-ED9C-48C7-94BC-2B19C8C44046}.AppStore|Any CPU.ActiveCfg = Debug|Any CPU
		{3AC44B55-ED9C-48C7-94BC-2B19C8C44046}.AppStore|Any CPU.Build.0 = Debug|Any CPU
		{3AC44B55-ED9C-48C7-94BC-2B19C8C44046}.AppStore|ARM.ActiveCfg = Debug|Any CPU
		{3AC44B55-ED9C-48C7-94BC-2B19C8C44046}.AppStore|ARM.Build.0 = Debug|Any CPU
		{3AC44B55-ED9C-48C7-94BC-2B19C8C44046}.AppStore|iPhone.ActiveCfg = Debug|Any CPU
		{3AC44B55-ED9C-48C7-94BC-2B19C8C44046}.AppStore|iPhone.Build.0 = Debug|Any CPU
		{3AC44B55-ED9C-48C7-94BC-2B19C8C44046}.AppStore|iPhoneSimulator.ActiveCfg = Debug|Any CPU
		{3AC44B55-ED9C-48C7-94BC-2B19C8C44046}.AppStore|iPhoneSimulator.Build.0 = Debug|Any CPU
		{3AC44B55-ED9C-48C7-94BC-2B19C8C44046}.AppStore|x64.ActiveCfg = Debug|Any CPU
		{3AC44B55-ED9C-48C7-94BC-2B19C8C44046}.AppStore|x64.Build.0 = Debug|Any CPU
		{3AC44B55-ED9C-48C7-94BC-2B19C8C44046}.AppStore|x86.ActiveCfg = Debug|Any CPU
		{3AC44B55-ED9C-48C7-94BC-2B19C8C44046}.AppStore|x86.Build.0 = Debug|Any CPU
		{3AC44B55-ED9C-48C7-94BC-2B19C8C44046}.Debug|Any CPU.ActiveCfg = Debug|Any CPU
		{3AC44B55-ED9C-48C7-94BC-2B19C8C44046}.Debug|Any CPU.Build.0 = Debug|Any CPU
		{3AC44B55-ED9C-48C7-94BC-2B19C8C44046}.Debug|ARM.ActiveCfg = Debug|Any CPU
		{3AC44B55-ED9C-48C7-94BC-2B19C8C44046}.Debug|ARM.Build.0 = Debug|Any CPU
		{3AC44B55-ED9C-48C7-94BC-2B19C8C44046}.Debug|iPhone.ActiveCfg = Debug|Any CPU
		{3AC44B55-ED9C-48C7-94BC-2B19C8C44046}.Debug|iPhone.Build.0 = Debug|Any CPU
		{3AC44B55-ED9C-48C7-94BC-2B19C8C44046}.Debug|iPhoneSimulator.ActiveCfg = Debug|Any CPU
		{3AC44B55-ED9C-48C7-94BC-2B19C8C44046}.Debug|iPhoneSimulator.Build.0 = Debug|Any CPU
		{3AC44B55-ED9C-48C7-94BC-2B19C8C44046}.Debug|x64.ActiveCfg = Debug|Any CPU
		{3AC44B55-ED9C-48C7-94BC-2B19C8C44046}.Debug|x64.Build.0 = Debug|Any CPU
		{3AC44B55-ED9C-48C7-94BC-2B19C8C44046}.Debug|x86.ActiveCfg = Debug|Any CPU
		{3AC44B55-ED9C-48C7-94BC-2B19C8C44046}.Debug|x86.Build.0 = Debug|Any CPU
		{3AC44B55-ED9C-48C7-94BC-2B19C8C44046}.Release|Any CPU.ActiveCfg = Release|Any CPU
		{3AC44B55-ED9C-48C7-94BC-2B19C8C44046}.Release|Any CPU.Build.0 = Release|Any CPU
		{3AC44B55-ED9C-48C7-94BC-2B19C8C44046}.Release|ARM.ActiveCfg = Release|Any CPU
		{3AC44B55-ED9C-48C7-94BC-2B19C8C44046}.Release|ARM.Build.0 = Release|Any CPU
		{3AC44B55-ED9C-48C7-94BC-2B19C8C44046}.Release|iPhone.ActiveCfg = Release|Any CPU
		{3AC44B55-ED9C-48C7-94BC-2B19C8C44046}.Release|iPhone.Build.0 = Release|Any CPU
		{3AC44B55-ED9C-48C7-94BC-2B19C8C44046}.Release|iPhoneSimulator.ActiveCfg = Release|Any CPU
		{3AC44B55-ED9C-48C7-94BC-2B19C8C44046}.Release|iPhoneSimulator.Build.0 = Release|Any CPU
		{3AC44B55-ED9C-48C7-94BC-2B19C8C44046}.Release|x64.ActiveCfg = Release|Any CPU
		{3AC44B55-ED9C-48C7-94BC-2B19C8C44046}.Release|x64.Build.0 = Release|Any CPU
		{3AC44B55-ED9C-48C7-94BC-2B19C8C44046}.Release|x86.ActiveCfg = Release|Any CPU
		{3AC44B55-ED9C-48C7-94BC-2B19C8C44046}.Release|x86.Build.0 = Release|Any CPU
		{3D52548F-3C84-4661-A67F-D71A9877B9FB}.Ad-Hoc|Any CPU.ActiveCfg = Debug|Any CPU
		{3D52548F-3C84-4661-A67F-D71A9877B9FB}.Ad-Hoc|Any CPU.Build.0 = Debug|Any CPU
		{3D52548F-3C84-4661-A67F-D71A9877B9FB}.Ad-Hoc|ARM.ActiveCfg = Debug|Any CPU
		{3D52548F-3C84-4661-A67F-D71A9877B9FB}.Ad-Hoc|ARM.Build.0 = Debug|Any CPU
		{3D52548F-3C84-4661-A67F-D71A9877B9FB}.Ad-Hoc|iPhone.ActiveCfg = Debug|Any CPU
		{3D52548F-3C84-4661-A67F-D71A9877B9FB}.Ad-Hoc|iPhone.Build.0 = Debug|Any CPU
		{3D52548F-3C84-4661-A67F-D71A9877B9FB}.Ad-Hoc|iPhoneSimulator.ActiveCfg = Debug|Any CPU
		{3D52548F-3C84-4661-A67F-D71A9877B9FB}.Ad-Hoc|iPhoneSimulator.Build.0 = Debug|Any CPU
		{3D52548F-3C84-4661-A67F-D71A9877B9FB}.Ad-Hoc|x64.ActiveCfg = Debug|Any CPU
		{3D52548F-3C84-4661-A67F-D71A9877B9FB}.Ad-Hoc|x64.Build.0 = Debug|Any CPU
		{3D52548F-3C84-4661-A67F-D71A9877B9FB}.Ad-Hoc|x86.ActiveCfg = Debug|Any CPU
		{3D52548F-3C84-4661-A67F-D71A9877B9FB}.Ad-Hoc|x86.Build.0 = Debug|Any CPU
		{3D52548F-3C84-4661-A67F-D71A9877B9FB}.AppStore|Any CPU.ActiveCfg = Debug|Any CPU
		{3D52548F-3C84-4661-A67F-D71A9877B9FB}.AppStore|Any CPU.Build.0 = Debug|Any CPU
		{3D52548F-3C84-4661-A67F-D71A9877B9FB}.AppStore|ARM.ActiveCfg = Debug|Any CPU
		{3D52548F-3C84-4661-A67F-D71A9877B9FB}.AppStore|ARM.Build.0 = Debug|Any CPU
		{3D52548F-3C84-4661-A67F-D71A9877B9FB}.AppStore|iPhone.ActiveCfg = Debug|Any CPU
		{3D52548F-3C84-4661-A67F-D71A9877B9FB}.AppStore|iPhone.Build.0 = Debug|Any CPU
		{3D52548F-3C84-4661-A67F-D71A9877B9FB}.AppStore|iPhoneSimulator.ActiveCfg = Debug|Any CPU
		{3D52548F-3C84-4661-A67F-D71A9877B9FB}.AppStore|iPhoneSimulator.Build.0 = Debug|Any CPU
		{3D52548F-3C84-4661-A67F-D71A9877B9FB}.AppStore|x64.ActiveCfg = Debug|Any CPU
		{3D52548F-3C84-4661-A67F-D71A9877B9FB}.AppStore|x64.Build.0 = Debug|Any CPU
		{3D52548F-3C84-4661-A67F-D71A9877B9FB}.AppStore|x86.ActiveCfg = Debug|Any CPU
		{3D52548F-3C84-4661-A67F-D71A9877B9FB}.AppStore|x86.Build.0 = Debug|Any CPU
		{3D52548F-3C84-4661-A67F-D71A9877B9FB}.Debug|Any CPU.ActiveCfg = Debug|Any CPU
		{3D52548F-3C84-4661-A67F-D71A9877B9FB}.Debug|Any CPU.Build.0 = Debug|Any CPU
		{3D52548F-3C84-4661-A67F-D71A9877B9FB}.Debug|ARM.ActiveCfg = Debug|Any CPU
		{3D52548F-3C84-4661-A67F-D71A9877B9FB}.Debug|ARM.Build.0 = Debug|Any CPU
		{3D52548F-3C84-4661-A67F-D71A9877B9FB}.Debug|iPhone.ActiveCfg = Debug|Any CPU
		{3D52548F-3C84-4661-A67F-D71A9877B9FB}.Debug|iPhone.Build.0 = Debug|Any CPU
		{3D52548F-3C84-4661-A67F-D71A9877B9FB}.Debug|iPhoneSimulator.ActiveCfg = Debug|Any CPU
		{3D52548F-3C84-4661-A67F-D71A9877B9FB}.Debug|iPhoneSimulator.Build.0 = Debug|Any CPU
		{3D52548F-3C84-4661-A67F-D71A9877B9FB}.Debug|x64.ActiveCfg = Debug|Any CPU
		{3D52548F-3C84-4661-A67F-D71A9877B9FB}.Debug|x64.Build.0 = Debug|Any CPU
		{3D52548F-3C84-4661-A67F-D71A9877B9FB}.Debug|x86.ActiveCfg = Debug|Any CPU
		{3D52548F-3C84-4661-A67F-D71A9877B9FB}.Debug|x86.Build.0 = Debug|Any CPU
		{3D52548F-3C84-4661-A67F-D71A9877B9FB}.Release|Any CPU.ActiveCfg = Release|Any CPU
		{3D52548F-3C84-4661-A67F-D71A9877B9FB}.Release|Any CPU.Build.0 = Release|Any CPU
		{3D52548F-3C84-4661-A67F-D71A9877B9FB}.Release|ARM.ActiveCfg = Release|Any CPU
		{3D52548F-3C84-4661-A67F-D71A9877B9FB}.Release|ARM.Build.0 = Release|Any CPU
		{3D52548F-3C84-4661-A67F-D71A9877B9FB}.Release|iPhone.ActiveCfg = Release|Any CPU
		{3D52548F-3C84-4661-A67F-D71A9877B9FB}.Release|iPhone.Build.0 = Release|Any CPU
		{3D52548F-3C84-4661-A67F-D71A9877B9FB}.Release|iPhoneSimulator.ActiveCfg = Release|Any CPU
		{3D52548F-3C84-4661-A67F-D71A9877B9FB}.Release|iPhoneSimulator.Build.0 = Release|Any CPU
		{3D52548F-3C84-4661-A67F-D71A9877B9FB}.Release|x64.ActiveCfg = Release|Any CPU
		{3D52548F-3C84-4661-A67F-D71A9877B9FB}.Release|x64.Build.0 = Release|Any CPU
		{3D52548F-3C84-4661-A67F-D71A9877B9FB}.Release|x86.ActiveCfg = Release|Any CPU
		{3D52548F-3C84-4661-A67F-D71A9877B9FB}.Release|x86.Build.0 = Release|Any CPU
		{84E1441A-B3C3-442D-A5CD-0F6E45D53BD7}.Ad-Hoc|Any CPU.ActiveCfg = Debug|Any CPU
		{84E1441A-B3C3-442D-A5CD-0F6E45D53BD7}.Ad-Hoc|Any CPU.Build.0 = Debug|Any CPU
		{84E1441A-B3C3-442D-A5CD-0F6E45D53BD7}.Ad-Hoc|ARM.ActiveCfg = Debug|Any CPU
		{84E1441A-B3C3-442D-A5CD-0F6E45D53BD7}.Ad-Hoc|ARM.Build.0 = Debug|Any CPU
		{84E1441A-B3C3-442D-A5CD-0F6E45D53BD7}.Ad-Hoc|iPhone.ActiveCfg = Debug|Any CPU
		{84E1441A-B3C3-442D-A5CD-0F6E45D53BD7}.Ad-Hoc|iPhone.Build.0 = Debug|Any CPU
		{84E1441A-B3C3-442D-A5CD-0F6E45D53BD7}.Ad-Hoc|iPhoneSimulator.ActiveCfg = Debug|Any CPU
		{84E1441A-B3C3-442D-A5CD-0F6E45D53BD7}.Ad-Hoc|iPhoneSimulator.Build.0 = Debug|Any CPU
		{84E1441A-B3C3-442D-A5CD-0F6E45D53BD7}.Ad-Hoc|x64.ActiveCfg = Debug|Any CPU
		{84E1441A-B3C3-442D-A5CD-0F6E45D53BD7}.Ad-Hoc|x64.Build.0 = Debug|Any CPU
		{84E1441A-B3C3-442D-A5CD-0F6E45D53BD7}.Ad-Hoc|x86.ActiveCfg = Debug|Any CPU
		{84E1441A-B3C3-442D-A5CD-0F6E45D53BD7}.Ad-Hoc|x86.Build.0 = Debug|Any CPU
		{84E1441A-B3C3-442D-A5CD-0F6E45D53BD7}.AppStore|Any CPU.ActiveCfg = Debug|Any CPU
		{84E1441A-B3C3-442D-A5CD-0F6E45D53BD7}.AppStore|Any CPU.Build.0 = Debug|Any CPU
		{84E1441A-B3C3-442D-A5CD-0F6E45D53BD7}.AppStore|ARM.ActiveCfg = Debug|Any CPU
		{84E1441A-B3C3-442D-A5CD-0F6E45D53BD7}.AppStore|ARM.Build.0 = Debug|Any CPU
		{84E1441A-B3C3-442D-A5CD-0F6E45D53BD7}.AppStore|iPhone.ActiveCfg = Debug|Any CPU
		{84E1441A-B3C3-442D-A5CD-0F6E45D53BD7}.AppStore|iPhone.Build.0 = Debug|Any CPU
		{84E1441A-B3C3-442D-A5CD-0F6E45D53BD7}.AppStore|iPhoneSimulator.ActiveCfg = Debug|Any CPU
		{84E1441A-B3C3-442D-A5CD-0F6E45D53BD7}.AppStore|iPhoneSimulator.Build.0 = Debug|Any CPU
		{84E1441A-B3C3-442D-A5CD-0F6E45D53BD7}.AppStore|x64.ActiveCfg = Debug|Any CPU
		{84E1441A-B3C3-442D-A5CD-0F6E45D53BD7}.AppStore|x64.Build.0 = Debug|Any CPU
		{84E1441A-B3C3-442D-A5CD-0F6E45D53BD7}.AppStore|x86.ActiveCfg = Debug|Any CPU
		{84E1441A-B3C3-442D-A5CD-0F6E45D53BD7}.AppStore|x86.Build.0 = Debug|Any CPU
		{84E1441A-B3C3-442D-A5CD-0F6E45D53BD7}.Debug|Any CPU.ActiveCfg = Debug|Any CPU
		{84E1441A-B3C3-442D-A5CD-0F6E45D53BD7}.Debug|Any CPU.Build.0 = Debug|Any CPU
		{84E1441A-B3C3-442D-A5CD-0F6E45D53BD7}.Debug|ARM.ActiveCfg = Debug|Any CPU
		{84E1441A-B3C3-442D-A5CD-0F6E45D53BD7}.Debug|ARM.Build.0 = Debug|Any CPU
		{84E1441A-B3C3-442D-A5CD-0F6E45D53BD7}.Debug|iPhone.ActiveCfg = Debug|Any CPU
		{84E1441A-B3C3-442D-A5CD-0F6E45D53BD7}.Debug|iPhone.Build.0 = Debug|Any CPU
		{84E1441A-B3C3-442D-A5CD-0F6E45D53BD7}.Debug|iPhoneSimulator.ActiveCfg = Debug|Any CPU
		{84E1441A-B3C3-442D-A5CD-0F6E45D53BD7}.Debug|iPhoneSimulator.Build.0 = Debug|Any CPU
		{84E1441A-B3C3-442D-A5CD-0F6E45D53BD7}.Debug|x64.ActiveCfg = Debug|Any CPU
		{84E1441A-B3C3-442D-A5CD-0F6E45D53BD7}.Debug|x64.Build.0 = Debug|Any CPU
		{84E1441A-B3C3-442D-A5CD-0F6E45D53BD7}.Debug|x86.ActiveCfg = Debug|Any CPU
		{84E1441A-B3C3-442D-A5CD-0F6E45D53BD7}.Debug|x86.Build.0 = Debug|Any CPU
		{84E1441A-B3C3-442D-A5CD-0F6E45D53BD7}.Release|Any CPU.ActiveCfg = Release|Any CPU
		{84E1441A-B3C3-442D-A5CD-0F6E45D53BD7}.Release|Any CPU.Build.0 = Release|Any CPU
		{84E1441A-B3C3-442D-A5CD-0F6E45D53BD7}.Release|ARM.ActiveCfg = Release|Any CPU
		{84E1441A-B3C3-442D-A5CD-0F6E45D53BD7}.Release|ARM.Build.0 = Release|Any CPU
		{84E1441A-B3C3-442D-A5CD-0F6E45D53BD7}.Release|iPhone.ActiveCfg = Release|Any CPU
		{84E1441A-B3C3-442D-A5CD-0F6E45D53BD7}.Release|iPhone.Build.0 = Release|Any CPU
		{84E1441A-B3C3-442D-A5CD-0F6E45D53BD7}.Release|iPhoneSimulator.ActiveCfg = Release|Any CPU
		{84E1441A-B3C3-442D-A5CD-0F6E45D53BD7}.Release|iPhoneSimulator.Build.0 = Release|Any CPU
		{84E1441A-B3C3-442D-A5CD-0F6E45D53BD7}.Release|x64.ActiveCfg = Release|Any CPU
		{84E1441A-B3C3-442D-A5CD-0F6E45D53BD7}.Release|x64.Build.0 = Release|Any CPU
		{84E1441A-B3C3-442D-A5CD-0F6E45D53BD7}.Release|x86.ActiveCfg = Release|Any CPU
		{84E1441A-B3C3-442D-A5CD-0F6E45D53BD7}.Release|x86.Build.0 = Release|Any CPU
		{ACBE39D3-2D14-47B4-8A44-C96813AF00F4}.Ad-Hoc|Any CPU.ActiveCfg = Debug|Any CPU
		{ACBE39D3-2D14-47B4-8A44-C96813AF00F4}.Ad-Hoc|Any CPU.Build.0 = Debug|Any CPU
		{ACBE39D3-2D14-47B4-8A44-C96813AF00F4}.Ad-Hoc|ARM.ActiveCfg = Debug|Any CPU
		{ACBE39D3-2D14-47B4-8A44-C96813AF00F4}.Ad-Hoc|ARM.Build.0 = Debug|Any CPU
		{ACBE39D3-2D14-47B4-8A44-C96813AF00F4}.Ad-Hoc|iPhone.ActiveCfg = Debug|Any CPU
		{ACBE39D3-2D14-47B4-8A44-C96813AF00F4}.Ad-Hoc|iPhone.Build.0 = Debug|Any CPU
		{ACBE39D3-2D14-47B4-8A44-C96813AF00F4}.Ad-Hoc|iPhoneSimulator.ActiveCfg = Debug|Any CPU
		{ACBE39D3-2D14-47B4-8A44-C96813AF00F4}.Ad-Hoc|iPhoneSimulator.Build.0 = Debug|Any CPU
		{ACBE39D3-2D14-47B4-8A44-C96813AF00F4}.Ad-Hoc|x64.ActiveCfg = Debug|Any CPU
		{ACBE39D3-2D14-47B4-8A44-C96813AF00F4}.Ad-Hoc|x64.Build.0 = Debug|Any CPU
		{ACBE39D3-2D14-47B4-8A44-C96813AF00F4}.Ad-Hoc|x86.ActiveCfg = Debug|Any CPU
		{ACBE39D3-2D14-47B4-8A44-C96813AF00F4}.Ad-Hoc|x86.Build.0 = Debug|Any CPU
		{ACBE39D3-2D14-47B4-8A44-C96813AF00F4}.AppStore|Any CPU.ActiveCfg = Debug|Any CPU
		{ACBE39D3-2D14-47B4-8A44-C96813AF00F4}.AppStore|Any CPU.Build.0 = Debug|Any CPU
		{ACBE39D3-2D14-47B4-8A44-C96813AF00F4}.AppStore|ARM.ActiveCfg = Debug|Any CPU
		{ACBE39D3-2D14-47B4-8A44-C96813AF00F4}.AppStore|ARM.Build.0 = Debug|Any CPU
		{ACBE39D3-2D14-47B4-8A44-C96813AF00F4}.AppStore|iPhone.ActiveCfg = Debug|Any CPU
		{ACBE39D3-2D14-47B4-8A44-C96813AF00F4}.AppStore|iPhone.Build.0 = Debug|Any CPU
		{ACBE39D3-2D14-47B4-8A44-C96813AF00F4}.AppStore|iPhoneSimulator.ActiveCfg = Debug|Any CPU
		{ACBE39D3-2D14-47B4-8A44-C96813AF00F4}.AppStore|iPhoneSimulator.Build.0 = Debug|Any CPU
		{ACBE39D3-2D14-47B4-8A44-C96813AF00F4}.AppStore|x64.ActiveCfg = Debug|Any CPU
		{ACBE39D3-2D14-47B4-8A44-C96813AF00F4}.AppStore|x64.Build.0 = Debug|Any CPU
		{ACBE39D3-2D14-47B4-8A44-C96813AF00F4}.AppStore|x86.ActiveCfg = Debug|Any CPU
		{ACBE39D3-2D14-47B4-8A44-C96813AF00F4}.AppStore|x86.Build.0 = Debug|Any CPU
		{ACBE39D3-2D14-47B4-8A44-C96813AF00F4}.Debug|Any CPU.ActiveCfg = Debug|Any CPU
		{ACBE39D3-2D14-47B4-8A44-C96813AF00F4}.Debug|Any CPU.Build.0 = Debug|Any CPU
		{ACBE39D3-2D14-47B4-8A44-C96813AF00F4}.Debug|ARM.ActiveCfg = Debug|Any CPU
		{ACBE39D3-2D14-47B4-8A44-C96813AF00F4}.Debug|ARM.Build.0 = Debug|Any CPU
		{ACBE39D3-2D14-47B4-8A44-C96813AF00F4}.Debug|iPhone.ActiveCfg = Debug|Any CPU
		{ACBE39D3-2D14-47B4-8A44-C96813AF00F4}.Debug|iPhone.Build.0 = Debug|Any CPU
		{ACBE39D3-2D14-47B4-8A44-C96813AF00F4}.Debug|iPhoneSimulator.ActiveCfg = Debug|Any CPU
		{ACBE39D3-2D14-47B4-8A44-C96813AF00F4}.Debug|iPhoneSimulator.Build.0 = Debug|Any CPU
		{ACBE39D3-2D14-47B4-8A44-C96813AF00F4}.Debug|x64.ActiveCfg = Debug|Any CPU
		{ACBE39D3-2D14-47B4-8A44-C96813AF00F4}.Debug|x64.Build.0 = Debug|Any CPU
		{ACBE39D3-2D14-47B4-8A44-C96813AF00F4}.Debug|x86.ActiveCfg = Debug|Any CPU
		{ACBE39D3-2D14-47B4-8A44-C96813AF00F4}.Debug|x86.Build.0 = Debug|Any CPU
		{ACBE39D3-2D14-47B4-8A44-C96813AF00F4}.Release|Any CPU.ActiveCfg = Release|Any CPU
		{ACBE39D3-2D14-47B4-8A44-C96813AF00F4}.Release|Any CPU.Build.0 = Release|Any CPU
		{ACBE39D3-2D14-47B4-8A44-C96813AF00F4}.Release|ARM.ActiveCfg = Release|Any CPU
		{ACBE39D3-2D14-47B4-8A44-C96813AF00F4}.Release|ARM.Build.0 = Release|Any CPU
		{ACBE39D3-2D14-47B4-8A44-C96813AF00F4}.Release|iPhone.ActiveCfg = Release|Any CPU
		{ACBE39D3-2D14-47B4-8A44-C96813AF00F4}.Release|iPhone.Build.0 = Release|Any CPU
		{ACBE39D3-2D14-47B4-8A44-C96813AF00F4}.Release|iPhoneSimulator.ActiveCfg = Release|Any CPU
		{ACBE39D3-2D14-47B4-8A44-C96813AF00F4}.Release|iPhoneSimulator.Build.0 = Release|Any CPU
		{ACBE39D3-2D14-47B4-8A44-C96813AF00F4}.Release|x64.ActiveCfg = Release|Any CPU
		{ACBE39D3-2D14-47B4-8A44-C96813AF00F4}.Release|x64.Build.0 = Release|Any CPU
		{ACBE39D3-2D14-47B4-8A44-C96813AF00F4}.Release|x86.ActiveCfg = Release|Any CPU
		{ACBE39D3-2D14-47B4-8A44-C96813AF00F4}.Release|x86.Build.0 = Release|Any CPU
		{89480FF8-A805-4745-A8E8-D83A0636DAC5}.Ad-Hoc|Any CPU.ActiveCfg = Release|Any CPU
		{89480FF8-A805-4745-A8E8-D83A0636DAC5}.Ad-Hoc|Any CPU.Build.0 = Release|Any CPU
		{89480FF8-A805-4745-A8E8-D83A0636DAC5}.Ad-Hoc|ARM.ActiveCfg = Release|Any CPU
		{89480FF8-A805-4745-A8E8-D83A0636DAC5}.Ad-Hoc|ARM.Build.0 = Release|Any CPU
		{89480FF8-A805-4745-A8E8-D83A0636DAC5}.Ad-Hoc|iPhone.ActiveCfg = Release|Any CPU
		{89480FF8-A805-4745-A8E8-D83A0636DAC5}.Ad-Hoc|iPhone.Build.0 = Release|Any CPU
		{89480FF8-A805-4745-A8E8-D83A0636DAC5}.Ad-Hoc|iPhoneSimulator.ActiveCfg = Release|Any CPU
		{89480FF8-A805-4745-A8E8-D83A0636DAC5}.Ad-Hoc|iPhoneSimulator.Build.0 = Release|Any CPU
		{89480FF8-A805-4745-A8E8-D83A0636DAC5}.Ad-Hoc|x64.ActiveCfg = Release|Any CPU
		{89480FF8-A805-4745-A8E8-D83A0636DAC5}.Ad-Hoc|x64.Build.0 = Release|Any CPU
		{89480FF8-A805-4745-A8E8-D83A0636DAC5}.Ad-Hoc|x86.ActiveCfg = Release|Any CPU
		{89480FF8-A805-4745-A8E8-D83A0636DAC5}.Ad-Hoc|x86.Build.0 = Release|Any CPU
		{89480FF8-A805-4745-A8E8-D83A0636DAC5}.AppStore|Any CPU.ActiveCfg = Release|Any CPU
		{89480FF8-A805-4745-A8E8-D83A0636DAC5}.AppStore|Any CPU.Build.0 = Release|Any CPU
		{89480FF8-A805-4745-A8E8-D83A0636DAC5}.AppStore|ARM.ActiveCfg = Release|Any CPU
		{89480FF8-A805-4745-A8E8-D83A0636DAC5}.AppStore|ARM.Build.0 = Release|Any CPU
		{89480FF8-A805-4745-A8E8-D83A0636DAC5}.AppStore|iPhone.ActiveCfg = Release|Any CPU
		{89480FF8-A805-4745-A8E8-D83A0636DAC5}.AppStore|iPhone.Build.0 = Release|Any CPU
		{89480FF8-A805-4745-A8E8-D83A0636DAC5}.AppStore|iPhoneSimulator.ActiveCfg = Release|Any CPU
		{89480FF8-A805-4745-A8E8-D83A0636DAC5}.AppStore|iPhoneSimulator.Build.0 = Release|Any CPU
		{89480FF8-A805-4745-A8E8-D83A0636DAC5}.AppStore|x64.ActiveCfg = Release|Any CPU
		{89480FF8-A805-4745-A8E8-D83A0636DAC5}.AppStore|x64.Build.0 = Release|Any CPU
		{89480FF8-A805-4745-A8E8-D83A0636DAC5}.AppStore|x86.ActiveCfg = Release|Any CPU
		{89480FF8-A805-4745-A8E8-D83A0636DAC5}.AppStore|x86.Build.0 = Release|Any CPU
		{89480FF8-A805-4745-A8E8-D83A0636DAC5}.Debug|Any CPU.ActiveCfg = Debug|Any CPU
		{89480FF8-A805-4745-A8E8-D83A0636DAC5}.Debug|Any CPU.Build.0 = Debug|Any CPU
		{89480FF8-A805-4745-A8E8-D83A0636DAC5}.Debug|ARM.ActiveCfg = Debug|Any CPU
		{89480FF8-A805-4745-A8E8-D83A0636DAC5}.Debug|ARM.Build.0 = Debug|Any CPU
		{89480FF8-A805-4745-A8E8-D83A0636DAC5}.Debug|iPhone.ActiveCfg = Debug|Any CPU
		{89480FF8-A805-4745-A8E8-D83A0636DAC5}.Debug|iPhone.Build.0 = Debug|Any CPU
		{89480FF8-A805-4745-A8E8-D83A0636DAC5}.Debug|iPhoneSimulator.ActiveCfg = Debug|Any CPU
		{89480FF8-A805-4745-A8E8-D83A0636DAC5}.Debug|iPhoneSimulator.Build.0 = Debug|Any CPU
		{89480FF8-A805-4745-A8E8-D83A0636DAC5}.Debug|x64.ActiveCfg = Debug|Any CPU
		{89480FF8-A805-4745-A8E8-D83A0636DAC5}.Debug|x64.Build.0 = Debug|Any CPU
		{89480FF8-A805-4745-A8E8-D83A0636DAC5}.Debug|x86.ActiveCfg = Debug|Any CPU
		{89480FF8-A805-4745-A8E8-D83A0636DAC5}.Debug|x86.Build.0 = Debug|Any CPU
		{89480FF8-A805-4745-A8E8-D83A0636DAC5}.Release|Any CPU.ActiveCfg = Release|Any CPU
		{89480FF8-A805-4745-A8E8-D83A0636DAC5}.Release|Any CPU.Build.0 = Release|Any CPU
		{89480FF8-A805-4745-A8E8-D83A0636DAC5}.Release|ARM.ActiveCfg = Release|Any CPU
		{89480FF8-A805-4745-A8E8-D83A0636DAC5}.Release|ARM.Build.0 = Release|Any CPU
		{89480FF8-A805-4745-A8E8-D83A0636DAC5}.Release|iPhone.ActiveCfg = Release|Any CPU
		{89480FF8-A805-4745-A8E8-D83A0636DAC5}.Release|iPhone.Build.0 = Release|Any CPU
		{89480FF8-A805-4745-A8E8-D83A0636DAC5}.Release|iPhoneSimulator.ActiveCfg = Release|Any CPU
		{89480FF8-A805-4745-A8E8-D83A0636DAC5}.Release|iPhoneSimulator.Build.0 = Release|Any CPU
		{89480FF8-A805-4745-A8E8-D83A0636DAC5}.Release|x64.ActiveCfg = Release|Any CPU
		{89480FF8-A805-4745-A8E8-D83A0636DAC5}.Release|x64.Build.0 = Release|Any CPU
		{89480FF8-A805-4745-A8E8-D83A0636DAC5}.Release|x86.ActiveCfg = Release|Any CPU
		{89480FF8-A805-4745-A8E8-D83A0636DAC5}.Release|x86.Build.0 = Release|Any CPU
	EndGlobalSection
	GlobalSection(SolutionProperties) = preSolution
		HideSolutionNode = FALSE
	EndGlobalSection
	GlobalSection(NestedProjects) = preSolution
		{8BDF8611-CBA1-43E2-A8C7-6AAB48D62A04} = {B09B2AB4-F5AF-4616-9450-9220728144DD}
		{5DA13E73-FAE4-4228-A109-695835F7EA5C} = {B09B2AB4-F5AF-4616-9450-9220728144DD}
		{EE86C24F-45E5-4535-9DDE-C6DDE0850EF3} = {DA6D5C2F-B48B-4968-8C4E-37E1992F27BC}
		{C15E3311-3959-4931-8C95-8B7CC42B6237} = {DA6D5C2F-B48B-4968-8C4E-37E1992F27BC}
		{EBDC23D1-A286-4E86-BF84-3E5BD211A3AB} = {443C7EA9-7019-40BC-909C-F25EE64D98EF}
		{9C0F22F6-2226-4EB3-84E4-7C2326D7DD78} = {443C7EA9-7019-40BC-909C-F25EE64D98EF}
		{3AC44B55-ED9C-48C7-94BC-2B19C8C44046} = {443C7EA9-7019-40BC-909C-F25EE64D98EF}
		{3D52548F-3C84-4661-A67F-D71A9877B9FB} = {92236401-F71D-4C45-AFB4-AB4F18831691}
		{84E1441A-B3C3-442D-A5CD-0F6E45D53BD7} = {B67269A1-70BA-46BE-BC48-0B8EB8F8152C}
		{ACBE39D3-2D14-47B4-8A44-C96813AF00F4} = {88EFA627-271A-4762-962F-CD02EC7A5C14}
		{89480FF8-A805-4745-A8E8-D83A0636DAC5} = {B09B2AB4-F5AF-4616-9450-9220728144DD}
	EndGlobalSection
	GlobalSection(ExtensibilityGlobals) = postSolution
		SolutionGuid = {964DA5CA-8A8E-45F5-9A93-1CBBF520780A}
	EndGlobalSection
EndGlobal
