
Microsoft Visual Studio Solution File, Format Version 12.00
# Visual Studio 15
VisualStudioVersion = 15.0.27130.2010
MinimumVisualStudioVersion = 10.0.40219.1
Project("{9A19103F-16F7-4668-BE54-9A1E7A4F7556}") = "Xamarin.Forms.Platform.SkiaSharp", "Xamarin.Forms.Platform.SkiaSharp\Xamarin.Forms.Platform.SkiaSharp.csproj", "{8BDF8611-CBA1-43E2-A8C7-6AAB48D62A04}"
EndProject
Project("{2150E333-8FDC-42A3-9474-1A3956D46DE8}") = "Example", "Example", "{443C7EA9-7019-40BC-909C-F25EE64D98EF}"
EndProject
Project("{9A19103F-16F7-4668-BE54-9A1E7A4F7556}") = "Sample", "Sample\Sample\Sample.csproj", "{A1AAB97F-4197-4FE9-B17E-18CF0FE47BE1}"
EndProject
Project("{FAE04EC0-301F-11D3-BF4B-00C04F79EFBC}") = "Sample.Android", "Sample\Sample.Android\Sample.Android.csproj", "{D7235620-3AED-4D82-BFE8-D3F6CE39F28F}"
EndProject
Project("{FAE04EC0-301F-11D3-BF4B-00C04F79EFBC}") = "Sample.iOS", "Sample\Sample.iOS\Sample.iOS.csproj", "{E703A582-E9B7-426E-BDB7-3DA1B1055283}"
EndProject
Project("{FAE04EC0-301F-11D3-BF4B-00C04F79EFBC}") = "Sample.UWP", "Sample\Sample.UWP\Sample.UWP.csproj", "{D1F70104-67AC-43BF-ADBC-6F2983CB654F}"
EndProject
Project("{FAE04EC0-301F-11D3-BF4B-00C04F79EFBC}") = "Xamarin.Forms.Platform.SkiaSharp.Droid", "Xamarin.Forms.Platform.SkiaSharp.Droid\Xamarin.Forms.Platform.SkiaSharp.Droid.csproj", "{E2891460-1B4F-499B-AA09-C5F106583C95}"
EndProject
Project("{FAE04EC0-301F-11D3-BF4B-00C04F79EFBC}") = "Xamarin.Forms.Platform.SkiaSharp.iOS", "Xamarin.Forms.Platform.SkiaSharp.iOS\Xamarin.Forms.Platform.SkiaSharp.iOS.csproj", "{5DA13E73-FAE4-4228-A109-695835F7EA5C}"
EndProject
Project("{2150E333-8FDC-42A3-9474-1A3956D46DE8}") = "Xamarin.Forms.Platform.SkiaSharp", "Xamarin.Forms.Platform.SkiaSharp", "{E6476302-DDD9-4ACB-A9A4-17200B55A598}"
EndProject
Project("{2150E333-8FDC-42A3-9474-1A3956D46DE8}") = "Xamarin.Forms", "Xamarin.Forms", "{E71E14C8-44EF-49E6-BB28-7D2343208DFB}"
EndProject
Project("{9A19103F-16F7-4668-BE54-9A1E7A4F7556}") = "Xamarin.Forms.Core", "Xamarin.Forms\Xamarin.Forms.Core\Xamarin.Forms.Core.csproj", "{1FDED3C4-F003-43E4-9A53-5CC417166857}"
EndProject
Project("{9A19103F-16F7-4668-BE54-9A1E7A4F7556}") = "Xamarin.Forms.Xaml", "Xamarin.Forms\Xamarin.Forms.Xaml\Xamarin.Forms.Xaml.csproj", "{80EC11CC-D0BB-4E38-879F-EA7AB274A15C}"
EndProject
Project("{9A19103F-16F7-4668-BE54-9A1E7A4F7556}") = "Xamarin.Forms.Platform", "Xamarin.Forms\Xamarin.Forms.Platform\Xamarin.Forms.Platform.csproj", "{755E554C-A32F-457F-8D65-1A39E1816AD6}"
EndProject
Project("{FAE04EC0-301F-11D3-BF4B-00C04F79EFBC}") = "Xamarin.Forms.Platform.SkiaSharp.UWP", "Xamarin.Forms.Platform.SkiaSharp.UWP\Xamarin.Forms.Platform.SkiaSharp.UWP.csproj", "{D3AC6C2C-BBB7-4111-8DA3-E07835A1F23F}"
EndProject
Global
	GlobalSection(SolutionConfigurationPlatforms) = preSolution
		Ad-Hoc|Any CPU = Ad-Hoc|Any CPU
		Ad-Hoc|ARM = Ad-Hoc|ARM
		Ad-Hoc|iPhone = Ad-Hoc|iPhone
		Ad-Hoc|iPhoneSimulator = Ad-Hoc|iPhoneSimulator
		Ad-Hoc|x64 = Ad-Hoc|x64
		Ad-Hoc|x86 = Ad-Hoc|x86
		AppStore|Any CPU = AppStore|Any CPU
		AppStore|ARM = AppStore|ARM
		AppStore|iPhone = AppStore|iPhone
		AppStore|iPhoneSimulator = AppStore|iPhoneSimulator
		AppStore|x64 = AppStore|x64
		AppStore|x86 = AppStore|x86
		Debug|Any CPU = Debug|Any CPU
		Debug|ARM = Debug|ARM
		Debug|iPhone = Debug|iPhone
		Debug|iPhoneSimulator = Debug|iPhoneSimulator
		Debug|x64 = Debug|x64
		Debug|x86 = Debug|x86
		Release|Any CPU = Release|Any CPU
		Release|ARM = Release|ARM
		Release|iPhone = Release|iPhone
		Release|iPhoneSimulator = Release|iPhoneSimulator
		Release|x64 = Release|x64
		Release|x86 = Release|x86
	EndGlobalSection
	GlobalSection(ProjectConfigurationPlatforms) = postSolution
		{8BDF8611-CBA1-43E2-A8C7-6AAB48D62A04}.Ad-Hoc|Any CPU.ActiveCfg = Release|Any CPU
		{8BDF8611-CBA1-43E2-A8C7-6AAB48D62A04}.Ad-Hoc|Any CPU.Build.0 = Release|Any CPU
		{8BDF8611-CBA1-43E2-A8C7-6AAB48D62A04}.Ad-Hoc|ARM.ActiveCfg = Release|Any CPU
		{8BDF8611-CBA1-43E2-A8C7-6AAB48D62A04}.Ad-Hoc|ARM.Build.0 = Release|Any CPU
		{8BDF8611-CBA1-43E2-A8C7-6AAB48D62A04}.Ad-Hoc|iPhone.ActiveCfg = Release|Any CPU
		{8BDF8611-CBA1-43E2-A8C7-6AAB48D62A04}.Ad-Hoc|iPhone.Build.0 = Release|Any CPU
		{8BDF8611-CBA1-43E2-A8C7-6AAB48D62A04}.Ad-Hoc|iPhoneSimulator.ActiveCfg = Release|Any CPU
		{8BDF8611-CBA1-43E2-A8C7-6AAB48D62A04}.Ad-Hoc|iPhoneSimulator.Build.0 = Release|Any CPU
		{8BDF8611-CBA1-43E2-A8C7-6AAB48D62A04}.Ad-Hoc|x64.ActiveCfg = Release|Any CPU
		{8BDF8611-CBA1-43E2-A8C7-6AAB48D62A04}.Ad-Hoc|x64.Build.0 = Release|Any CPU
		{8BDF8611-CBA1-43E2-A8C7-6AAB48D62A04}.Ad-Hoc|x86.ActiveCfg = Release|Any CPU
		{8BDF8611-CBA1-43E2-A8C7-6AAB48D62A04}.Ad-Hoc|x86.Build.0 = Release|Any CPU
		{8BDF8611-CBA1-43E2-A8C7-6AAB48D62A04}.AppStore|Any CPU.ActiveCfg = Release|Any CPU
		{8BDF8611-CBA1-43E2-A8C7-6AAB48D62A04}.AppStore|Any CPU.Build.0 = Release|Any CPU
		{8BDF8611-CBA1-43E2-A8C7-6AAB48D62A04}.AppStore|ARM.ActiveCfg = Release|Any CPU
		{8BDF8611-CBA1-43E2-A8C7-6AAB48D62A04}.AppStore|ARM.Build.0 = Release|Any CPU
		{8BDF8611-CBA1-43E2-A8C7-6AAB48D62A04}.AppStore|iPhone.ActiveCfg = Release|Any CPU
		{8BDF8611-CBA1-43E2-A8C7-6AAB48D62A04}.AppStore|iPhone.Build.0 = Release|Any CPU
		{8BDF8611-CBA1-43E2-A8C7-6AAB48D62A04}.AppStore|iPhoneSimulator.ActiveCfg = Release|Any CPU
		{8BDF8611-CBA1-43E2-A8C7-6AAB48D62A04}.AppStore|iPhoneSimulator.Build.0 = Release|Any CPU
		{8BDF8611-CBA1-43E2-A8C7-6AAB48D62A04}.AppStore|x64.ActiveCfg = Release|Any CPU
		{8BDF8611-CBA1-43E2-A8C7-6AAB48D62A04}.AppStore|x64.Build.0 = Release|Any CPU
		{8BDF8611-CBA1-43E2-A8C7-6AAB48D62A04}.AppStore|x86.ActiveCfg = Release|Any CPU
		{8BDF8611-CBA1-43E2-A8C7-6AAB48D62A04}.AppStore|x86.Build.0 = Release|Any CPU
		{8BDF8611-CBA1-43E2-A8C7-6AAB48D62A04}.Debug|Any CPU.ActiveCfg = Debug|Any CPU
		{8BDF8611-CBA1-43E2-A8C7-6AAB48D62A04}.Debug|Any CPU.Build.0 = Debug|Any CPU
		{8BDF8611-CBA1-43E2-A8C7-6AAB48D62A04}.Debug|ARM.ActiveCfg = Debug|Any CPU
		{8BDF8611-CBA1-43E2-A8C7-6AAB48D62A04}.Debug|ARM.Build.0 = Debug|Any CPU
		{8BDF8611-CBA1-43E2-A8C7-6AAB48D62A04}.Debug|iPhone.ActiveCfg = Debug|Any CPU
		{8BDF8611-CBA1-43E2-A8C7-6AAB48D62A04}.Debug|iPhone.Build.0 = Debug|Any CPU
		{8BDF8611-CBA1-43E2-A8C7-6AAB48D62A04}.Debug|iPhoneSimulator.ActiveCfg = Debug|Any CPU
		{8BDF8611-CBA1-43E2-A8C7-6AAB48D62A04}.Debug|iPhoneSimulator.Build.0 = Debug|Any CPU
		{8BDF8611-CBA1-43E2-A8C7-6AAB48D62A04}.Debug|x64.ActiveCfg = Debug|Any CPU
		{8BDF8611-CBA1-43E2-A8C7-6AAB48D62A04}.Debug|x64.Build.0 = Debug|Any CPU
		{8BDF8611-CBA1-43E2-A8C7-6AAB48D62A04}.Debug|x86.ActiveCfg = Debug|Any CPU
		{8BDF8611-CBA1-43E2-A8C7-6AAB48D62A04}.Debug|x86.Build.0 = Debug|Any CPU
		{8BDF8611-CBA1-43E2-A8C7-6AAB48D62A04}.Release|Any CPU.ActiveCfg = Release|Any CPU
		{8BDF8611-CBA1-43E2-A8C7-6AAB48D62A04}.Release|Any CPU.Build.0 = Release|Any CPU
		{8BDF8611-CBA1-43E2-A8C7-6AAB48D62A04}.Release|ARM.ActiveCfg = Release|Any CPU
		{8BDF8611-CBA1-43E2-A8C7-6AAB48D62A04}.Release|ARM.Build.0 = Release|Any CPU
		{8BDF8611-CBA1-43E2-A8C7-6AAB48D62A04}.Release|iPhone.ActiveCfg = Release|Any CPU
		{8BDF8611-CBA1-43E2-A8C7-6AAB48D62A04}.Release|iPhone.Build.0 = Release|Any CPU
		{8BDF8611-CBA1-43E2-A8C7-6AAB48D62A04}.Release|iPhoneSimulator.ActiveCfg = Release|Any CPU
		{8BDF8611-CBA1-43E2-A8C7-6AAB48D62A04}.Release|iPhoneSimulator.Build.0 = Release|Any CPU
		{8BDF8611-CBA1-43E2-A8C7-6AAB48D62A04}.Release|x64.ActiveCfg = Release|Any CPU
		{8BDF8611-CBA1-43E2-A8C7-6AAB48D62A04}.Release|x64.Build.0 = Release|Any CPU
		{8BDF8611-CBA1-43E2-A8C7-6AAB48D62A04}.Release|x86.ActiveCfg = Release|Any CPU
		{8BDF8611-CBA1-43E2-A8C7-6AAB48D62A04}.Release|x86.Build.0 = Release|Any CPU
		{A1AAB97F-4197-4FE9-B17E-18CF0FE47BE1}.Ad-Hoc|Any CPU.ActiveCfg = Debug|Any CPU
		{A1AAB97F-4197-4FE9-B17E-18CF0FE47BE1}.Ad-Hoc|Any CPU.Build.0 = Debug|Any CPU
		{A1AAB97F-4197-4FE9-B17E-18CF0FE47BE1}.Ad-Hoc|ARM.ActiveCfg = Debug|Any CPU
		{A1AAB97F-4197-4FE9-B17E-18CF0FE47BE1}.Ad-Hoc|ARM.Build.0 = Debug|Any CPU
		{A1AAB97F-4197-4FE9-B17E-18CF0FE47BE1}.Ad-Hoc|iPhone.ActiveCfg = Debug|Any CPU
		{A1AAB97F-4197-4FE9-B17E-18CF0FE47BE1}.Ad-Hoc|iPhone.Build.0 = Debug|Any CPU
		{A1AAB97F-4197-4FE9-B17E-18CF0FE47BE1}.Ad-Hoc|iPhoneSimulator.ActiveCfg = Debug|Any CPU
		{A1AAB97F-4197-4FE9-B17E-18CF0FE47BE1}.Ad-Hoc|iPhoneSimulator.Build.0 = Debug|Any CPU
		{A1AAB97F-4197-4FE9-B17E-18CF0FE47BE1}.Ad-Hoc|x64.ActiveCfg = Debug|Any CPU
		{A1AAB97F-4197-4FE9-B17E-18CF0FE47BE1}.Ad-Hoc|x64.Build.0 = Debug|Any CPU
		{A1AAB97F-4197-4FE9-B17E-18CF0FE47BE1}.Ad-Hoc|x86.ActiveCfg = Debug|Any CPU
		{A1AAB97F-4197-4FE9-B17E-18CF0FE47BE1}.Ad-Hoc|x86.Build.0 = Debug|Any CPU
		{A1AAB97F-4197-4FE9-B17E-18CF0FE47BE1}.AppStore|Any CPU.ActiveCfg = Debug|Any CPU
		{A1AAB97F-4197-4FE9-B17E-18CF0FE47BE1}.AppStore|Any CPU.Build.0 = Debug|Any CPU
		{A1AAB97F-4197-4FE9-B17E-18CF0FE47BE1}.AppStore|ARM.ActiveCfg = Debug|Any CPU
		{A1AAB97F-4197-4FE9-B17E-18CF0FE47BE1}.AppStore|ARM.Build.0 = Debug|Any CPU
		{A1AAB97F-4197-4FE9-B17E-18CF0FE47BE1}.AppStore|iPhone.ActiveCfg = Debug|Any CPU
		{A1AAB97F-4197-4FE9-B17E-18CF0FE47BE1}.AppStore|iPhone.Build.0 = Debug|Any CPU
		{A1AAB97F-4197-4FE9-B17E-18CF0FE47BE1}.AppStore|iPhoneSimulator.ActiveCfg = Debug|Any CPU
		{A1AAB97F-4197-4FE9-B17E-18CF0FE47BE1}.AppStore|iPhoneSimulator.Build.0 = Debug|Any CPU
		{A1AAB97F-4197-4FE9-B17E-18CF0FE47BE1}.AppStore|x64.ActiveCfg = Debug|Any CPU
		{A1AAB97F-4197-4FE9-B17E-18CF0FE47BE1}.AppStore|x64.Build.0 = Debug|Any CPU
		{A1AAB97F-4197-4FE9-B17E-18CF0FE47BE1}.AppStore|x86.ActiveCfg = Debug|Any CPU
		{A1AAB97F-4197-4FE9-B17E-18CF0FE47BE1}.AppStore|x86.Build.0 = Debug|Any CPU
		{A1AAB97F-4197-4FE9-B17E-18CF0FE47BE1}.Debug|Any CPU.ActiveCfg = Debug|Any CPU
		{A1AAB97F-4197-4FE9-B17E-18CF0FE47BE1}.Debug|Any CPU.Build.0 = Debug|Any CPU
		{A1AAB97F-4197-4FE9-B17E-18CF0FE47BE1}.Debug|ARM.ActiveCfg = Debug|Any CPU
		{A1AAB97F-4197-4FE9-B17E-18CF0FE47BE1}.Debug|ARM.Build.0 = Debug|Any CPU
		{A1AAB97F-4197-4FE9-B17E-18CF0FE47BE1}.Debug|iPhone.ActiveCfg = Debug|Any CPU
		{A1AAB97F-4197-4FE9-B17E-18CF0FE47BE1}.Debug|iPhone.Build.0 = Debug|Any CPU
		{A1AAB97F-4197-4FE9-B17E-18CF0FE47BE1}.Debug|iPhoneSimulator.ActiveCfg = Debug|Any CPU
		{A1AAB97F-4197-4FE9-B17E-18CF0FE47BE1}.Debug|iPhoneSimulator.Build.0 = Debug|Any CPU
		{A1AAB97F-4197-4FE9-B17E-18CF0FE47BE1}.Debug|x64.ActiveCfg = Debug|Any CPU
		{A1AAB97F-4197-4FE9-B17E-18CF0FE47BE1}.Debug|x64.Build.0 = Debug|Any CPU
		{A1AAB97F-4197-4FE9-B17E-18CF0FE47BE1}.Debug|x86.ActiveCfg = Debug|Any CPU
		{A1AAB97F-4197-4FE9-B17E-18CF0FE47BE1}.Debug|x86.Build.0 = Debug|Any CPU
		{A1AAB97F-4197-4FE9-B17E-18CF0FE47BE1}.Release|Any CPU.ActiveCfg = Release|Any CPU
		{A1AAB97F-4197-4FE9-B17E-18CF0FE47BE1}.Release|Any CPU.Build.0 = Release|Any CPU
		{A1AAB97F-4197-4FE9-B17E-18CF0FE47BE1}.Release|ARM.ActiveCfg = Release|Any CPU
		{A1AAB97F-4197-4FE9-B17E-18CF0FE47BE1}.Release|ARM.Build.0 = Release|Any CPU
		{A1AAB97F-4197-4FE9-B17E-18CF0FE47BE1}.Release|iPhone.ActiveCfg = Release|Any CPU
		{A1AAB97F-4197-4FE9-B17E-18CF0FE47BE1}.Release|iPhone.Build.0 = Release|Any CPU
		{A1AAB97F-4197-4FE9-B17E-18CF0FE47BE1}.Release|iPhoneSimulator.ActiveCfg = Release|Any CPU
		{A1AAB97F-4197-4FE9-B17E-18CF0FE47BE1}.Release|iPhoneSimulator.Build.0 = Release|Any CPU
		{A1AAB97F-4197-4FE9-B17E-18CF0FE47BE1}.Release|x64.ActiveCfg = Release|Any CPU
		{A1AAB97F-4197-4FE9-B17E-18CF0FE47BE1}.Release|x64.Build.0 = Release|Any CPU
		{A1AAB97F-4197-4FE9-B17E-18CF0FE47BE1}.Release|x86.ActiveCfg = Release|Any CPU
		{A1AAB97F-4197-4FE9-B17E-18CF0FE47BE1}.Release|x86.Build.0 = Release|Any CPU
		{D7235620-3AED-4D82-BFE8-D3F6CE39F28F}.Ad-Hoc|Any CPU.ActiveCfg = Release|Any CPU
		{D7235620-3AED-4D82-BFE8-D3F6CE39F28F}.Ad-Hoc|Any CPU.Build.0 = Release|Any CPU
		{D7235620-3AED-4D82-BFE8-D3F6CE39F28F}.Ad-Hoc|Any CPU.Deploy.0 = Release|Any CPU
		{D7235620-3AED-4D82-BFE8-D3F6CE39F28F}.Ad-Hoc|ARM.ActiveCfg = Release|Any CPU
		{D7235620-3AED-4D82-BFE8-D3F6CE39F28F}.Ad-Hoc|ARM.Build.0 = Release|Any CPU
		{D7235620-3AED-4D82-BFE8-D3F6CE39F28F}.Ad-Hoc|ARM.Deploy.0 = Release|Any CPU
		{D7235620-3AED-4D82-BFE8-D3F6CE39F28F}.Ad-Hoc|iPhone.ActiveCfg = Release|Any CPU
		{D7235620-3AED-4D82-BFE8-D3F6CE39F28F}.Ad-Hoc|iPhone.Build.0 = Release|Any CPU
		{D7235620-3AED-4D82-BFE8-D3F6CE39F28F}.Ad-Hoc|iPhone.Deploy.0 = Release|Any CPU
		{D7235620-3AED-4D82-BFE8-D3F6CE39F28F}.Ad-Hoc|iPhoneSimulator.ActiveCfg = Release|Any CPU
		{D7235620-3AED-4D82-BFE8-D3F6CE39F28F}.Ad-Hoc|iPhoneSimulator.Build.0 = Release|Any CPU
		{D7235620-3AED-4D82-BFE8-D3F6CE39F28F}.Ad-Hoc|iPhoneSimulator.Deploy.0 = Release|Any CPU
		{D7235620-3AED-4D82-BFE8-D3F6CE39F28F}.Ad-Hoc|x64.ActiveCfg = Release|Any CPU
		{D7235620-3AED-4D82-BFE8-D3F6CE39F28F}.Ad-Hoc|x64.Build.0 = Release|Any CPU
		{D7235620-3AED-4D82-BFE8-D3F6CE39F28F}.Ad-Hoc|x64.Deploy.0 = Release|Any CPU
		{D7235620-3AED-4D82-BFE8-D3F6CE39F28F}.Ad-Hoc|x86.ActiveCfg = Release|Any CPU
		{D7235620-3AED-4D82-BFE8-D3F6CE39F28F}.Ad-Hoc|x86.Build.0 = Release|Any CPU
		{D7235620-3AED-4D82-BFE8-D3F6CE39F28F}.Ad-Hoc|x86.Deploy.0 = Release|Any CPU
		{D7235620-3AED-4D82-BFE8-D3F6CE39F28F}.AppStore|Any CPU.ActiveCfg = Release|Any CPU
		{D7235620-3AED-4D82-BFE8-D3F6CE39F28F}.AppStore|Any CPU.Build.0 = Release|Any CPU
		{D7235620-3AED-4D82-BFE8-D3F6CE39F28F}.AppStore|Any CPU.Deploy.0 = Release|Any CPU
		{D7235620-3AED-4D82-BFE8-D3F6CE39F28F}.AppStore|ARM.ActiveCfg = Release|Any CPU
		{D7235620-3AED-4D82-BFE8-D3F6CE39F28F}.AppStore|ARM.Build.0 = Release|Any CPU
		{D7235620-3AED-4D82-BFE8-D3F6CE39F28F}.AppStore|ARM.Deploy.0 = Release|Any CPU
		{D7235620-3AED-4D82-BFE8-D3F6CE39F28F}.AppStore|iPhone.ActiveCfg = Release|Any CPU
		{D7235620-3AED-4D82-BFE8-D3F6CE39F28F}.AppStore|iPhone.Build.0 = Release|Any CPU
		{D7235620-3AED-4D82-BFE8-D3F6CE39F28F}.AppStore|iPhone.Deploy.0 = Release|Any CPU
		{D7235620-3AED-4D82-BFE8-D3F6CE39F28F}.AppStore|iPhoneSimulator.ActiveCfg = Release|Any CPU
		{D7235620-3AED-4D82-BFE8-D3F6CE39F28F}.AppStore|iPhoneSimulator.Build.0 = Release|Any CPU
		{D7235620-3AED-4D82-BFE8-D3F6CE39F28F}.AppStore|iPhoneSimulator.Deploy.0 = Release|Any CPU
		{D7235620-3AED-4D82-BFE8-D3F6CE39F28F}.AppStore|x64.ActiveCfg = Release|Any CPU
		{D7235620-3AED-4D82-BFE8-D3F6CE39F28F}.AppStore|x64.Build.0 = Release|Any CPU
		{D7235620-3AED-4D82-BFE8-D3F6CE39F28F}.AppStore|x64.Deploy.0 = Release|Any CPU
		{D7235620-3AED-4D82-BFE8-D3F6CE39F28F}.AppStore|x86.ActiveCfg = Release|Any CPU
		{D7235620-3AED-4D82-BFE8-D3F6CE39F28F}.AppStore|x86.Build.0 = Release|Any CPU
		{D7235620-3AED-4D82-BFE8-D3F6CE39F28F}.AppStore|x86.Deploy.0 = Release|Any CPU
		{D7235620-3AED-4D82-BFE8-D3F6CE39F28F}.Debug|Any CPU.ActiveCfg = Debug|Any CPU
		{D7235620-3AED-4D82-BFE8-D3F6CE39F28F}.Debug|Any CPU.Build.0 = Debug|Any CPU
		{D7235620-3AED-4D82-BFE8-D3F6CE39F28F}.Debug|Any CPU.Deploy.0 = Debug|Any CPU
		{D7235620-3AED-4D82-BFE8-D3F6CE39F28F}.Debug|ARM.ActiveCfg = Debug|Any CPU
		{D7235620-3AED-4D82-BFE8-D3F6CE39F28F}.Debug|ARM.Build.0 = Debug|Any CPU
		{D7235620-3AED-4D82-BFE8-D3F6CE39F28F}.Debug|ARM.Deploy.0 = Debug|Any CPU
		{D7235620-3AED-4D82-BFE8-D3F6CE39F28F}.Debug|iPhone.ActiveCfg = Debug|Any CPU
		{D7235620-3AED-4D82-BFE8-D3F6CE39F28F}.Debug|iPhone.Build.0 = Debug|Any CPU
		{D7235620-3AED-4D82-BFE8-D3F6CE39F28F}.Debug|iPhone.Deploy.0 = Debug|Any CPU
		{D7235620-3AED-4D82-BFE8-D3F6CE39F28F}.Debug|iPhoneSimulator.ActiveCfg = Debug|Any CPU
		{D7235620-3AED-4D82-BFE8-D3F6CE39F28F}.Debug|iPhoneSimulator.Build.0 = Debug|Any CPU
		{D7235620-3AED-4D82-BFE8-D3F6CE39F28F}.Debug|iPhoneSimulator.Deploy.0 = Debug|Any CPU
		{D7235620-3AED-4D82-BFE8-D3F6CE39F28F}.Debug|x64.ActiveCfg = Debug|Any CPU
		{D7235620-3AED-4D82-BFE8-D3F6CE39F28F}.Debug|x64.Build.0 = Debug|Any CPU
		{D7235620-3AED-4D82-BFE8-D3F6CE39F28F}.Debug|x64.Deploy.0 = Debug|Any CPU
		{D7235620-3AED-4D82-BFE8-D3F6CE39F28F}.Debug|x86.ActiveCfg = Debug|Any CPU
		{D7235620-3AED-4D82-BFE8-D3F6CE39F28F}.Debug|x86.Build.0 = Debug|Any CPU
		{D7235620-3AED-4D82-BFE8-D3F6CE39F28F}.Debug|x86.Deploy.0 = Debug|Any CPU
		{D7235620-3AED-4D82-BFE8-D3F6CE39F28F}.Release|Any CPU.ActiveCfg = Release|Any CPU
		{D7235620-3AED-4D82-BFE8-D3F6CE39F28F}.Release|Any CPU.Build.0 = Release|Any CPU
		{D7235620-3AED-4D82-BFE8-D3F6CE39F28F}.Release|Any CPU.Deploy.0 = Release|Any CPU
		{D7235620-3AED-4D82-BFE8-D3F6CE39F28F}.Release|ARM.ActiveCfg = Release|Any CPU
		{D7235620-3AED-4D82-BFE8-D3F6CE39F28F}.Release|ARM.Build.0 = Release|Any CPU
		{D7235620-3AED-4D82-BFE8-D3F6CE39F28F}.Release|ARM.Deploy.0 = Release|Any CPU
		{D7235620-3AED-4D82-BFE8-D3F6CE39F28F}.Release|iPhone.ActiveCfg = Release|Any CPU
		{D7235620-3AED-4D82-BFE8-D3F6CE39F28F}.Release|iPhone.Build.0 = Release|Any CPU
		{D7235620-3AED-4D82-BFE8-D3F6CE39F28F}.Release|iPhone.Deploy.0 = Release|Any CPU
		{D7235620-3AED-4D82-BFE8-D3F6CE39F28F}.Release|iPhoneSimulator.ActiveCfg = Release|Any CPU
		{D7235620-3AED-4D82-BFE8-D3F6CE39F28F}.Release|iPhoneSimulator.Build.0 = Release|Any CPU
		{D7235620-3AED-4D82-BFE8-D3F6CE39F28F}.Release|iPhoneSimulator.Deploy.0 = Release|Any CPU
		{D7235620-3AED-4D82-BFE8-D3F6CE39F28F}.Release|x64.ActiveCfg = Release|Any CPU
		{D7235620-3AED-4D82-BFE8-D3F6CE39F28F}.Release|x64.Build.0 = Release|Any CPU
		{D7235620-3AED-4D82-BFE8-D3F6CE39F28F}.Release|x64.Deploy.0 = Release|Any CPU
		{D7235620-3AED-4D82-BFE8-D3F6CE39F28F}.Release|x86.ActiveCfg = Release|Any CPU
		{D7235620-3AED-4D82-BFE8-D3F6CE39F28F}.Release|x86.Build.0 = Release|Any CPU
		{D7235620-3AED-4D82-BFE8-D3F6CE39F28F}.Release|x86.Deploy.0 = Release|Any CPU
		{E703A582-E9B7-426E-BDB7-3DA1B1055283}.Ad-Hoc|Any CPU.ActiveCfg = Ad-Hoc|iPhone
		{E703A582-E9B7-426E-BDB7-3DA1B1055283}.Ad-Hoc|ARM.ActiveCfg = Ad-Hoc|iPhone
		{E703A582-E9B7-426E-BDB7-3DA1B1055283}.Ad-Hoc|iPhone.ActiveCfg = Ad-Hoc|iPhone
		{E703A582-E9B7-426E-BDB7-3DA1B1055283}.Ad-Hoc|iPhone.Build.0 = Ad-Hoc|iPhone
		{E703A582-E9B7-426E-BDB7-3DA1B1055283}.Ad-Hoc|iPhoneSimulator.ActiveCfg = Ad-Hoc|iPhoneSimulator
		{E703A582-E9B7-426E-BDB7-3DA1B1055283}.Ad-Hoc|iPhoneSimulator.Build.0 = Ad-Hoc|iPhoneSimulator
		{E703A582-E9B7-426E-BDB7-3DA1B1055283}.Ad-Hoc|x64.ActiveCfg = Ad-Hoc|iPhone
		{E703A582-E9B7-426E-BDB7-3DA1B1055283}.Ad-Hoc|x86.ActiveCfg = Ad-Hoc|iPhone
		{E703A582-E9B7-426E-BDB7-3DA1B1055283}.AppStore|Any CPU.ActiveCfg = AppStore|iPhone
		{E703A582-E9B7-426E-BDB7-3DA1B1055283}.AppStore|ARM.ActiveCfg = AppStore|iPhone
		{E703A582-E9B7-426E-BDB7-3DA1B1055283}.AppStore|iPhone.ActiveCfg = AppStore|iPhone
		{E703A582-E9B7-426E-BDB7-3DA1B1055283}.AppStore|iPhone.Build.0 = AppStore|iPhone
		{E703A582-E9B7-426E-BDB7-3DA1B1055283}.AppStore|iPhoneSimulator.ActiveCfg = AppStore|iPhoneSimulator
		{E703A582-E9B7-426E-BDB7-3DA1B1055283}.AppStore|iPhoneSimulator.Build.0 = AppStore|iPhoneSimulator
		{E703A582-E9B7-426E-BDB7-3DA1B1055283}.AppStore|x64.ActiveCfg = AppStore|iPhone
		{E703A582-E9B7-426E-BDB7-3DA1B1055283}.AppStore|x86.ActiveCfg = AppStore|iPhone
		{E703A582-E9B7-426E-BDB7-3DA1B1055283}.Debug|Any CPU.ActiveCfg = Debug|iPhone
		{E703A582-E9B7-426E-BDB7-3DA1B1055283}.Debug|ARM.ActiveCfg = Debug|iPhone
		{E703A582-E9B7-426E-BDB7-3DA1B1055283}.Debug|iPhone.ActiveCfg = Debug|iPhone
		{E703A582-E9B7-426E-BDB7-3DA1B1055283}.Debug|iPhone.Build.0 = Debug|iPhone
		{E703A582-E9B7-426E-BDB7-3DA1B1055283}.Debug|iPhoneSimulator.ActiveCfg = Debug|iPhoneSimulator
		{E703A582-E9B7-426E-BDB7-3DA1B1055283}.Debug|iPhoneSimulator.Build.0 = Debug|iPhoneSimulator
		{E703A582-E9B7-426E-BDB7-3DA1B1055283}.Debug|x64.ActiveCfg = Debug|iPhone
		{E703A582-E9B7-426E-BDB7-3DA1B1055283}.Debug|x86.ActiveCfg = Debug|iPhone
		{E703A582-E9B7-426E-BDB7-3DA1B1055283}.Release|Any CPU.ActiveCfg = Release|iPhone
		{E703A582-E9B7-426E-BDB7-3DA1B1055283}.Release|ARM.ActiveCfg = Release|iPhone
		{E703A582-E9B7-426E-BDB7-3DA1B1055283}.Release|iPhone.ActiveCfg = Release|iPhone
		{E703A582-E9B7-426E-BDB7-3DA1B1055283}.Release|iPhone.Build.0 = Release|iPhone
		{E703A582-E9B7-426E-BDB7-3DA1B1055283}.Release|iPhoneSimulator.ActiveCfg = Release|iPhoneSimulator
		{E703A582-E9B7-426E-BDB7-3DA1B1055283}.Release|iPhoneSimulator.Build.0 = Release|iPhoneSimulator
		{E703A582-E9B7-426E-BDB7-3DA1B1055283}.Release|x64.ActiveCfg = Release|iPhone
		{E703A582-E9B7-426E-BDB7-3DA1B1055283}.Release|x86.ActiveCfg = Release|iPhone
		{D1F70104-67AC-43BF-ADBC-6F2983CB654F}.Ad-Hoc|Any CPU.ActiveCfg = Release|x86
		{D1F70104-67AC-43BF-ADBC-6F2983CB654F}.Ad-Hoc|Any CPU.Build.0 = Release|x86
		{D1F70104-67AC-43BF-ADBC-6F2983CB654F}.Ad-Hoc|Any CPU.Deploy.0 = Release|x86
		{D1F70104-67AC-43BF-ADBC-6F2983CB654F}.Ad-Hoc|ARM.ActiveCfg = Release|ARM
		{D1F70104-67AC-43BF-ADBC-6F2983CB654F}.Ad-Hoc|ARM.Build.0 = Release|ARM
		{D1F70104-67AC-43BF-ADBC-6F2983CB654F}.Ad-Hoc|ARM.Deploy.0 = Release|ARM
		{D1F70104-67AC-43BF-ADBC-6F2983CB654F}.Ad-Hoc|iPhone.ActiveCfg = Release|x86
		{D1F70104-67AC-43BF-ADBC-6F2983CB654F}.Ad-Hoc|iPhone.Build.0 = Release|x86
		{D1F70104-67AC-43BF-ADBC-6F2983CB654F}.Ad-Hoc|iPhone.Deploy.0 = Release|x86
		{D1F70104-67AC-43BF-ADBC-6F2983CB654F}.Ad-Hoc|iPhoneSimulator.ActiveCfg = Release|x86
		{D1F70104-67AC-43BF-ADBC-6F2983CB654F}.Ad-Hoc|iPhoneSimulator.Build.0 = Release|x86
		{D1F70104-67AC-43BF-ADBC-6F2983CB654F}.Ad-Hoc|iPhoneSimulator.Deploy.0 = Release|x86
		{D1F70104-67AC-43BF-ADBC-6F2983CB654F}.Ad-Hoc|x64.ActiveCfg = Release|x64
		{D1F70104-67AC-43BF-ADBC-6F2983CB654F}.Ad-Hoc|x64.Build.0 = Release|x64
		{D1F70104-67AC-43BF-ADBC-6F2983CB654F}.Ad-Hoc|x64.Deploy.0 = Release|x64
		{D1F70104-67AC-43BF-ADBC-6F2983CB654F}.Ad-Hoc|x86.ActiveCfg = Release|x86
		{D1F70104-67AC-43BF-ADBC-6F2983CB654F}.Ad-Hoc|x86.Build.0 = Release|x86
		{D1F70104-67AC-43BF-ADBC-6F2983CB654F}.Ad-Hoc|x86.Deploy.0 = Release|x86
		{D1F70104-67AC-43BF-ADBC-6F2983CB654F}.AppStore|Any CPU.ActiveCfg = Release|x86
		{D1F70104-67AC-43BF-ADBC-6F2983CB654F}.AppStore|Any CPU.Build.0 = Release|x86
		{D1F70104-67AC-43BF-ADBC-6F2983CB654F}.AppStore|Any CPU.Deploy.0 = Release|x86
		{D1F70104-67AC-43BF-ADBC-6F2983CB654F}.AppStore|ARM.ActiveCfg = Release|ARM
		{D1F70104-67AC-43BF-ADBC-6F2983CB654F}.AppStore|ARM.Build.0 = Release|ARM
		{D1F70104-67AC-43BF-ADBC-6F2983CB654F}.AppStore|ARM.Deploy.0 = Release|ARM
		{D1F70104-67AC-43BF-ADBC-6F2983CB654F}.AppStore|iPhone.ActiveCfg = Release|x86
		{D1F70104-67AC-43BF-ADBC-6F2983CB654F}.AppStore|iPhone.Build.0 = Release|x86
		{D1F70104-67AC-43BF-ADBC-6F2983CB654F}.AppStore|iPhone.Deploy.0 = Release|x86
		{D1F70104-67AC-43BF-ADBC-6F2983CB654F}.AppStore|iPhoneSimulator.ActiveCfg = Release|x86
		{D1F70104-67AC-43BF-ADBC-6F2983CB654F}.AppStore|iPhoneSimulator.Build.0 = Release|x86
		{D1F70104-67AC-43BF-ADBC-6F2983CB654F}.AppStore|iPhoneSimulator.Deploy.0 = Release|x86
		{D1F70104-67AC-43BF-ADBC-6F2983CB654F}.AppStore|x64.ActiveCfg = Release|x64
		{D1F70104-67AC-43BF-ADBC-6F2983CB654F}.AppStore|x64.Build.0 = Release|x64
		{D1F70104-67AC-43BF-ADBC-6F2983CB654F}.AppStore|x64.Deploy.0 = Release|x64
		{D1F70104-67AC-43BF-ADBC-6F2983CB654F}.AppStore|x86.ActiveCfg = Release|x86
		{D1F70104-67AC-43BF-ADBC-6F2983CB654F}.AppStore|x86.Build.0 = Release|x86
		{D1F70104-67AC-43BF-ADBC-6F2983CB654F}.AppStore|x86.Deploy.0 = Release|x86
		{D1F70104-67AC-43BF-ADBC-6F2983CB654F}.Debug|Any CPU.ActiveCfg = Debug|x86
		{D1F70104-67AC-43BF-ADBC-6F2983CB654F}.Debug|ARM.ActiveCfg = Debug|ARM
		{D1F70104-67AC-43BF-ADBC-6F2983CB654F}.Debug|ARM.Build.0 = Debug|ARM
		{D1F70104-67AC-43BF-ADBC-6F2983CB654F}.Debug|ARM.Deploy.0 = Debug|ARM
		{D1F70104-67AC-43BF-ADBC-6F2983CB654F}.Debug|iPhone.ActiveCfg = Debug|x86
		{D1F70104-67AC-43BF-ADBC-6F2983CB654F}.Debug|iPhoneSimulator.ActiveCfg = Debug|x86
		{D1F70104-67AC-43BF-ADBC-6F2983CB654F}.Debug|x64.ActiveCfg = Debug|x64
		{D1F70104-67AC-43BF-ADBC-6F2983CB654F}.Debug|x64.Build.0 = Debug|x64
		{D1F70104-67AC-43BF-ADBC-6F2983CB654F}.Debug|x64.Deploy.0 = Debug|x64
		{D1F70104-67AC-43BF-ADBC-6F2983CB654F}.Debug|x86.ActiveCfg = Debug|x86
		{D1F70104-67AC-43BF-ADBC-6F2983CB654F}.Debug|x86.Build.0 = Debug|x86
		{D1F70104-67AC-43BF-ADBC-6F2983CB654F}.Debug|x86.Deploy.0 = Debug|x86
		{D1F70104-67AC-43BF-ADBC-6F2983CB654F}.Release|Any CPU.ActiveCfg = Release|x86
		{D1F70104-67AC-43BF-ADBC-6F2983CB654F}.Release|ARM.ActiveCfg = Release|ARM
		{D1F70104-67AC-43BF-ADBC-6F2983CB654F}.Release|ARM.Build.0 = Release|ARM
		{D1F70104-67AC-43BF-ADBC-6F2983CB654F}.Release|ARM.Deploy.0 = Release|ARM
		{D1F70104-67AC-43BF-ADBC-6F2983CB654F}.Release|iPhone.ActiveCfg = Release|x86
		{D1F70104-67AC-43BF-ADBC-6F2983CB654F}.Release|iPhoneSimulator.ActiveCfg = Release|x86
		{D1F70104-67AC-43BF-ADBC-6F2983CB654F}.Release|x64.ActiveCfg = Release|x64
		{D1F70104-67AC-43BF-ADBC-6F2983CB654F}.Release|x64.Build.0 = Release|x64
		{D1F70104-67AC-43BF-ADBC-6F2983CB654F}.Release|x64.Deploy.0 = Release|x64
		{D1F70104-67AC-43BF-ADBC-6F2983CB654F}.Release|x86.ActiveCfg = Release|x86
		{D1F70104-67AC-43BF-ADBC-6F2983CB654F}.Release|x86.Build.0 = Release|x86
		{D1F70104-67AC-43BF-ADBC-6F2983CB654F}.Release|x86.Deploy.0 = Release|x86
		{E2891460-1B4F-499B-AA09-C5F106583C95}.Ad-Hoc|Any CPU.ActiveCfg = Release|Any CPU
		{E2891460-1B4F-499B-AA09-C5F106583C95}.Ad-Hoc|Any CPU.Build.0 = Release|Any CPU
		{E2891460-1B4F-499B-AA09-C5F106583C95}.Ad-Hoc|ARM.ActiveCfg = Release|Any CPU
		{E2891460-1B4F-499B-AA09-C5F106583C95}.Ad-Hoc|ARM.Build.0 = Release|Any CPU
		{E2891460-1B4F-499B-AA09-C5F106583C95}.Ad-Hoc|iPhone.ActiveCfg = Release|Any CPU
		{E2891460-1B4F-499B-AA09-C5F106583C95}.Ad-Hoc|iPhone.Build.0 = Release|Any CPU
		{E2891460-1B4F-499B-AA09-C5F106583C95}.Ad-Hoc|iPhoneSimulator.ActiveCfg = Release|Any CPU
		{E2891460-1B4F-499B-AA09-C5F106583C95}.Ad-Hoc|iPhoneSimulator.Build.0 = Release|Any CPU
		{E2891460-1B4F-499B-AA09-C5F106583C95}.Ad-Hoc|x64.ActiveCfg = Release|Any CPU
		{E2891460-1B4F-499B-AA09-C5F106583C95}.Ad-Hoc|x64.Build.0 = Release|Any CPU
		{E2891460-1B4F-499B-AA09-C5F106583C95}.Ad-Hoc|x86.ActiveCfg = Release|Any CPU
		{E2891460-1B4F-499B-AA09-C5F106583C95}.Ad-Hoc|x86.Build.0 = Release|Any CPU
		{E2891460-1B4F-499B-AA09-C5F106583C95}.AppStore|Any CPU.ActiveCfg = Release|Any CPU
		{E2891460-1B4F-499B-AA09-C5F106583C95}.AppStore|Any CPU.Build.0 = Release|Any CPU
		{E2891460-1B4F-499B-AA09-C5F106583C95}.AppStore|ARM.ActiveCfg = Release|Any CPU
		{E2891460-1B4F-499B-AA09-C5F106583C95}.AppStore|ARM.Build.0 = Release|Any CPU
		{E2891460-1B4F-499B-AA09-C5F106583C95}.AppStore|iPhone.ActiveCfg = Release|Any CPU
		{E2891460-1B4F-499B-AA09-C5F106583C95}.AppStore|iPhone.Build.0 = Release|Any CPU
		{E2891460-1B4F-499B-AA09-C5F106583C95}.AppStore|iPhoneSimulator.ActiveCfg = Release|Any CPU
		{E2891460-1B4F-499B-AA09-C5F106583C95}.AppStore|iPhoneSimulator.Build.0 = Release|Any CPU
		{E2891460-1B4F-499B-AA09-C5F106583C95}.AppStore|x64.ActiveCfg = Release|Any CPU
		{E2891460-1B4F-499B-AA09-C5F106583C95}.AppStore|x64.Build.0 = Release|Any CPU
		{E2891460-1B4F-499B-AA09-C5F106583C95}.AppStore|x86.ActiveCfg = Release|Any CPU
		{E2891460-1B4F-499B-AA09-C5F106583C95}.AppStore|x86.Build.0 = Release|Any CPU
		{E2891460-1B4F-499B-AA09-C5F106583C95}.Debug|Any CPU.ActiveCfg = Debug|Any CPU
		{E2891460-1B4F-499B-AA09-C5F106583C95}.Debug|Any CPU.Build.0 = Debug|Any CPU
		{E2891460-1B4F-499B-AA09-C5F106583C95}.Debug|ARM.ActiveCfg = Debug|Any CPU
		{E2891460-1B4F-499B-AA09-C5F106583C95}.Debug|ARM.Build.0 = Debug|Any CPU
		{E2891460-1B4F-499B-AA09-C5F106583C95}.Debug|iPhone.ActiveCfg = Debug|Any CPU
		{E2891460-1B4F-499B-AA09-C5F106583C95}.Debug|iPhone.Build.0 = Debug|Any CPU
		{E2891460-1B4F-499B-AA09-C5F106583C95}.Debug|iPhoneSimulator.ActiveCfg = Debug|Any CPU
		{E2891460-1B4F-499B-AA09-C5F106583C95}.Debug|iPhoneSimulator.Build.0 = Debug|Any CPU
		{E2891460-1B4F-499B-AA09-C5F106583C95}.Debug|x64.ActiveCfg = Debug|Any CPU
		{E2891460-1B4F-499B-AA09-C5F106583C95}.Debug|x64.Build.0 = Debug|Any CPU
		{E2891460-1B4F-499B-AA09-C5F106583C95}.Debug|x86.ActiveCfg = Debug|Any CPU
		{E2891460-1B4F-499B-AA09-C5F106583C95}.Debug|x86.Build.0 = Debug|Any CPU
		{E2891460-1B4F-499B-AA09-C5F106583C95}.Release|Any CPU.ActiveCfg = Release|Any CPU
		{E2891460-1B4F-499B-AA09-C5F106583C95}.Release|Any CPU.Build.0 = Release|Any CPU
		{E2891460-1B4F-499B-AA09-C5F106583C95}.Release|ARM.ActiveCfg = Release|Any CPU
		{E2891460-1B4F-499B-AA09-C5F106583C95}.Release|ARM.Build.0 = Release|Any CPU
		{E2891460-1B4F-499B-AA09-C5F106583C95}.Release|iPhone.ActiveCfg = Release|Any CPU
		{E2891460-1B4F-499B-AA09-C5F106583C95}.Release|iPhone.Build.0 = Release|Any CPU
		{E2891460-1B4F-499B-AA09-C5F106583C95}.Release|iPhoneSimulator.ActiveCfg = Release|Any CPU
		{E2891460-1B4F-499B-AA09-C5F106583C95}.Release|iPhoneSimulator.Build.0 = Release|Any CPU
		{E2891460-1B4F-499B-AA09-C5F106583C95}.Release|x64.ActiveCfg = Release|Any CPU
		{E2891460-1B4F-499B-AA09-C5F106583C95}.Release|x64.Build.0 = Release|Any CPU
		{E2891460-1B4F-499B-AA09-C5F106583C95}.Release|x86.ActiveCfg = Release|Any CPU
		{E2891460-1B4F-499B-AA09-C5F106583C95}.Release|x86.Build.0 = Release|Any CPU
		{5DA13E73-FAE4-4228-A109-695835F7EA5C}.Ad-Hoc|Any CPU.ActiveCfg = Release|Any CPU
		{5DA13E73-FAE4-4228-A109-695835F7EA5C}.Ad-Hoc|Any CPU.Build.0 = Release|Any CPU
		{5DA13E73-FAE4-4228-A109-695835F7EA5C}.Ad-Hoc|ARM.ActiveCfg = Release|Any CPU
		{5DA13E73-FAE4-4228-A109-695835F7EA5C}.Ad-Hoc|ARM.Build.0 = Release|Any CPU
		{5DA13E73-FAE4-4228-A109-695835F7EA5C}.Ad-Hoc|iPhone.ActiveCfg = Release|Any CPU
		{5DA13E73-FAE4-4228-A109-695835F7EA5C}.Ad-Hoc|iPhone.Build.0 = Release|Any CPU
		{5DA13E73-FAE4-4228-A109-695835F7EA5C}.Ad-Hoc|iPhoneSimulator.ActiveCfg = Release|Any CPU
		{5DA13E73-FAE4-4228-A109-695835F7EA5C}.Ad-Hoc|iPhoneSimulator.Build.0 = Release|Any CPU
		{5DA13E73-FAE4-4228-A109-695835F7EA5C}.Ad-Hoc|x64.ActiveCfg = Release|Any CPU
		{5DA13E73-FAE4-4228-A109-695835F7EA5C}.Ad-Hoc|x64.Build.0 = Release|Any CPU
		{5DA13E73-FAE4-4228-A109-695835F7EA5C}.Ad-Hoc|x86.ActiveCfg = Release|Any CPU
		{5DA13E73-FAE4-4228-A109-695835F7EA5C}.Ad-Hoc|x86.Build.0 = Release|Any CPU
		{5DA13E73-FAE4-4228-A109-695835F7EA5C}.AppStore|Any CPU.ActiveCfg = Release|Any CPU
		{5DA13E73-FAE4-4228-A109-695835F7EA5C}.AppStore|Any CPU.Build.0 = Release|Any CPU
		{5DA13E73-FAE4-4228-A109-695835F7EA5C}.AppStore|ARM.ActiveCfg = Release|Any CPU
		{5DA13E73-FAE4-4228-A109-695835F7EA5C}.AppStore|ARM.Build.0 = Release|Any CPU
		{5DA13E73-FAE4-4228-A109-695835F7EA5C}.AppStore|iPhone.ActiveCfg = Release|Any CPU
		{5DA13E73-FAE4-4228-A109-695835F7EA5C}.AppStore|iPhone.Build.0 = Release|Any CPU
		{5DA13E73-FAE4-4228-A109-695835F7EA5C}.AppStore|iPhoneSimulator.ActiveCfg = Release|Any CPU
		{5DA13E73-FAE4-4228-A109-695835F7EA5C}.AppStore|iPhoneSimulator.Build.0 = Release|Any CPU
		{5DA13E73-FAE4-4228-A109-695835F7EA5C}.AppStore|x64.ActiveCfg = Release|Any CPU
		{5DA13E73-FAE4-4228-A109-695835F7EA5C}.AppStore|x64.Build.0 = Release|Any CPU
		{5DA13E73-FAE4-4228-A109-695835F7EA5C}.AppStore|x86.ActiveCfg = Release|Any CPU
		{5DA13E73-FAE4-4228-A109-695835F7EA5C}.AppStore|x86.Build.0 = Release|Any CPU
		{5DA13E73-FAE4-4228-A109-695835F7EA5C}.Debug|Any CPU.ActiveCfg = Debug|Any CPU
		{5DA13E73-FAE4-4228-A109-695835F7EA5C}.Debug|Any CPU.Build.0 = Debug|Any CPU
		{5DA13E73-FAE4-4228-A109-695835F7EA5C}.Debug|ARM.ActiveCfg = Debug|Any CPU
		{5DA13E73-FAE4-4228-A109-695835F7EA5C}.Debug|ARM.Build.0 = Debug|Any CPU
		{5DA13E73-FAE4-4228-A109-695835F7EA5C}.Debug|iPhone.ActiveCfg = Debug|Any CPU
		{5DA13E73-FAE4-4228-A109-695835F7EA5C}.Debug|iPhone.Build.0 = Debug|Any CPU
		{5DA13E73-FAE4-4228-A109-695835F7EA5C}.Debug|iPhoneSimulator.ActiveCfg = Debug|Any CPU
		{5DA13E73-FAE4-4228-A109-695835F7EA5C}.Debug|iPhoneSimulator.Build.0 = Debug|Any CPU
		{5DA13E73-FAE4-4228-A109-695835F7EA5C}.Debug|x64.ActiveCfg = Debug|Any CPU
		{5DA13E73-FAE4-4228-A109-695835F7EA5C}.Debug|x64.Build.0 = Debug|Any CPU
		{5DA13E73-FAE4-4228-A109-695835F7EA5C}.Debug|x86.ActiveCfg = Debug|Any CPU
		{5DA13E73-FAE4-4228-A109-695835F7EA5C}.Debug|x86.Build.0 = Debug|Any CPU
		{5DA13E73-FAE4-4228-A109-695835F7EA5C}.Release|Any CPU.ActiveCfg = Release|Any CPU
		{5DA13E73-FAE4-4228-A109-695835F7EA5C}.Release|Any CPU.Build.0 = Release|Any CPU
		{5DA13E73-FAE4-4228-A109-695835F7EA5C}.Release|ARM.ActiveCfg = Release|Any CPU
		{5DA13E73-FAE4-4228-A109-695835F7EA5C}.Release|ARM.Build.0 = Release|Any CPU
		{5DA13E73-FAE4-4228-A109-695835F7EA5C}.Release|iPhone.ActiveCfg = Release|Any CPU
		{5DA13E73-FAE4-4228-A109-695835F7EA5C}.Release|iPhone.Build.0 = Release|Any CPU
		{5DA13E73-FAE4-4228-A109-695835F7EA5C}.Release|iPhoneSimulator.ActiveCfg = Release|Any CPU
		{5DA13E73-FAE4-4228-A109-695835F7EA5C}.Release|iPhoneSimulator.Build.0 = Release|Any CPU
		{5DA13E73-FAE4-4228-A109-695835F7EA5C}.Release|x64.ActiveCfg = Release|Any CPU
		{5DA13E73-FAE4-4228-A109-695835F7EA5C}.Release|x64.Build.0 = Release|Any CPU
		{5DA13E73-FAE4-4228-A109-695835F7EA5C}.Release|x86.ActiveCfg = Release|Any CPU
		{5DA13E73-FAE4-4228-A109-695835F7EA5C}.Release|x86.Build.0 = Release|Any CPU
		{1FDED3C4-F003-43E4-9A53-5CC417166857}.Ad-Hoc|Any CPU.ActiveCfg = Debug|Any CPU
		{1FDED3C4-F003-43E4-9A53-5CC417166857}.Ad-Hoc|Any CPU.Build.0 = Debug|Any CPU
		{1FDED3C4-F003-43E4-9A53-5CC417166857}.Ad-Hoc|ARM.ActiveCfg = Debug|Any CPU
		{1FDED3C4-F003-43E4-9A53-5CC417166857}.Ad-Hoc|ARM.Build.0 = Debug|Any CPU
		{1FDED3C4-F003-43E4-9A53-5CC417166857}.Ad-Hoc|iPhone.ActiveCfg = Debug|Any CPU
		{1FDED3C4-F003-43E4-9A53-5CC417166857}.Ad-Hoc|iPhone.Build.0 = Debug|Any CPU
		{1FDED3C4-F003-43E4-9A53-5CC417166857}.Ad-Hoc|iPhoneSimulator.ActiveCfg = Debug|Any CPU
		{1FDED3C4-F003-43E4-9A53-5CC417166857}.Ad-Hoc|iPhoneSimulator.Build.0 = Debug|Any CPU
		{1FDED3C4-F003-43E4-9A53-5CC417166857}.Ad-Hoc|x64.ActiveCfg = Debug|Any CPU
		{1FDED3C4-F003-43E4-9A53-5CC417166857}.Ad-Hoc|x64.Build.0 = Debug|Any CPU
		{1FDED3C4-F003-43E4-9A53-5CC417166857}.Ad-Hoc|x86.ActiveCfg = Debug|Any CPU
		{1FDED3C4-F003-43E4-9A53-5CC417166857}.Ad-Hoc|x86.Build.0 = Debug|Any CPU
		{1FDED3C4-F003-43E4-9A53-5CC417166857}.AppStore|Any CPU.ActiveCfg = Debug|Any CPU
		{1FDED3C4-F003-43E4-9A53-5CC417166857}.AppStore|Any CPU.Build.0 = Debug|Any CPU
		{1FDED3C4-F003-43E4-9A53-5CC417166857}.AppStore|ARM.ActiveCfg = Debug|Any CPU
		{1FDED3C4-F003-43E4-9A53-5CC417166857}.AppStore|ARM.Build.0 = Debug|Any CPU
		{1FDED3C4-F003-43E4-9A53-5CC417166857}.AppStore|iPhone.ActiveCfg = Debug|Any CPU
		{1FDED3C4-F003-43E4-9A53-5CC417166857}.AppStore|iPhone.Build.0 = Debug|Any CPU
		{1FDED3C4-F003-43E4-9A53-5CC417166857}.AppStore|iPhoneSimulator.ActiveCfg = Debug|Any CPU
		{1FDED3C4-F003-43E4-9A53-5CC417166857}.AppStore|iPhoneSimulator.Build.0 = Debug|Any CPU
		{1FDED3C4-F003-43E4-9A53-5CC417166857}.AppStore|x64.ActiveCfg = Debug|Any CPU
		{1FDED3C4-F003-43E4-9A53-5CC417166857}.AppStore|x64.Build.0 = Debug|Any CPU
		{1FDED3C4-F003-43E4-9A53-5CC417166857}.AppStore|x86.ActiveCfg = Debug|Any CPU
		{1FDED3C4-F003-43E4-9A53-5CC417166857}.AppStore|x86.Build.0 = Debug|Any CPU
		{1FDED3C4-F003-43E4-9A53-5CC417166857}.Debug|Any CPU.ActiveCfg = Debug|Any CPU
		{1FDED3C4-F003-43E4-9A53-5CC417166857}.Debug|Any CPU.Build.0 = Debug|Any CPU
		{1FDED3C4-F003-43E4-9A53-5CC417166857}.Debug|ARM.ActiveCfg = Debug|Any CPU
		{1FDED3C4-F003-43E4-9A53-5CC417166857}.Debug|ARM.Build.0 = Debug|Any CPU
		{1FDED3C4-F003-43E4-9A53-5CC417166857}.Debug|iPhone.ActiveCfg = Debug|Any CPU
		{1FDED3C4-F003-43E4-9A53-5CC417166857}.Debug|iPhone.Build.0 = Debug|Any CPU
		{1FDED3C4-F003-43E4-9A53-5CC417166857}.Debug|iPhoneSimulator.ActiveCfg = Debug|Any CPU
		{1FDED3C4-F003-43E4-9A53-5CC417166857}.Debug|iPhoneSimulator.Build.0 = Debug|Any CPU
		{1FDED3C4-F003-43E4-9A53-5CC417166857}.Debug|x64.ActiveCfg = Debug|Any CPU
		{1FDED3C4-F003-43E4-9A53-5CC417166857}.Debug|x64.Build.0 = Debug|Any CPU
		{1FDED3C4-F003-43E4-9A53-5CC417166857}.Debug|x86.ActiveCfg = Debug|Any CPU
		{1FDED3C4-F003-43E4-9A53-5CC417166857}.Debug|x86.Build.0 = Debug|Any CPU
		{1FDED3C4-F003-43E4-9A53-5CC417166857}.Release|Any CPU.ActiveCfg = Release|Any CPU
		{1FDED3C4-F003-43E4-9A53-5CC417166857}.Release|Any CPU.Build.0 = Release|Any CPU
		{1FDED3C4-F003-43E4-9A53-5CC417166857}.Release|ARM.ActiveCfg = Release|Any CPU
		{1FDED3C4-F003-43E4-9A53-5CC417166857}.Release|ARM.Build.0 = Release|Any CPU
		{1FDED3C4-F003-43E4-9A53-5CC417166857}.Release|iPhone.ActiveCfg = Release|Any CPU
		{1FDED3C4-F003-43E4-9A53-5CC417166857}.Release|iPhone.Build.0 = Release|Any CPU
		{1FDED3C4-F003-43E4-9A53-5CC417166857}.Release|iPhoneSimulator.ActiveCfg = Release|Any CPU
		{1FDED3C4-F003-43E4-9A53-5CC417166857}.Release|iPhoneSimulator.Build.0 = Release|Any CPU
		{1FDED3C4-F003-43E4-9A53-5CC417166857}.Release|x64.ActiveCfg = Release|Any CPU
		{1FDED3C4-F003-43E4-9A53-5CC417166857}.Release|x64.Build.0 = Release|Any CPU
		{1FDED3C4-F003-43E4-9A53-5CC417166857}.Release|x86.ActiveCfg = Release|Any CPU
		{1FDED3C4-F003-43E4-9A53-5CC417166857}.Release|x86.Build.0 = Release|Any CPU
		{80EC11CC-D0BB-4E38-879F-EA7AB274A15C}.Ad-Hoc|Any CPU.ActiveCfg = Debug|Any CPU
		{80EC11CC-D0BB-4E38-879F-EA7AB274A15C}.Ad-Hoc|Any CPU.Build.0 = Debug|Any CPU
		{80EC11CC-D0BB-4E38-879F-EA7AB274A15C}.Ad-Hoc|ARM.ActiveCfg = Debug|Any CPU
		{80EC11CC-D0BB-4E38-879F-EA7AB274A15C}.Ad-Hoc|ARM.Build.0 = Debug|Any CPU
		{80EC11CC-D0BB-4E38-879F-EA7AB274A15C}.Ad-Hoc|iPhone.ActiveCfg = Debug|Any CPU
		{80EC11CC-D0BB-4E38-879F-EA7AB274A15C}.Ad-Hoc|iPhone.Build.0 = Debug|Any CPU
		{80EC11CC-D0BB-4E38-879F-EA7AB274A15C}.Ad-Hoc|iPhoneSimulator.ActiveCfg = Debug|Any CPU
		{80EC11CC-D0BB-4E38-879F-EA7AB274A15C}.Ad-Hoc|iPhoneSimulator.Build.0 = Debug|Any CPU
		{80EC11CC-D0BB-4E38-879F-EA7AB274A15C}.Ad-Hoc|x64.ActiveCfg = Debug|Any CPU
		{80EC11CC-D0BB-4E38-879F-EA7AB274A15C}.Ad-Hoc|x64.Build.0 = Debug|Any CPU
		{80EC11CC-D0BB-4E38-879F-EA7AB274A15C}.Ad-Hoc|x86.ActiveCfg = Debug|Any CPU
		{80EC11CC-D0BB-4E38-879F-EA7AB274A15C}.Ad-Hoc|x86.Build.0 = Debug|Any CPU
		{80EC11CC-D0BB-4E38-879F-EA7AB274A15C}.AppStore|Any CPU.ActiveCfg = Debug|Any CPU
		{80EC11CC-D0BB-4E38-879F-EA7AB274A15C}.AppStore|Any CPU.Build.0 = Debug|Any CPU
		{80EC11CC-D0BB-4E38-879F-EA7AB274A15C}.AppStore|ARM.ActiveCfg = Debug|Any CPU
		{80EC11CC-D0BB-4E38-879F-EA7AB274A15C}.AppStore|ARM.Build.0 = Debug|Any CPU
		{80EC11CC-D0BB-4E38-879F-EA7AB274A15C}.AppStore|iPhone.ActiveCfg = Debug|Any CPU
		{80EC11CC-D0BB-4E38-879F-EA7AB274A15C}.AppStore|iPhone.Build.0 = Debug|Any CPU
		{80EC11CC-D0BB-4E38-879F-EA7AB274A15C}.AppStore|iPhoneSimulator.ActiveCfg = Debug|Any CPU
		{80EC11CC-D0BB-4E38-879F-EA7AB274A15C}.AppStore|iPhoneSimulator.Build.0 = Debug|Any CPU
		{80EC11CC-D0BB-4E38-879F-EA7AB274A15C}.AppStore|x64.ActiveCfg = Debug|Any CPU
		{80EC11CC-D0BB-4E38-879F-EA7AB274A15C}.AppStore|x64.Build.0 = Debug|Any CPU
		{80EC11CC-D0BB-4E38-879F-EA7AB274A15C}.AppStore|x86.ActiveCfg = Debug|Any CPU
		{80EC11CC-D0BB-4E38-879F-EA7AB274A15C}.AppStore|x86.Build.0 = Debug|Any CPU
		{80EC11CC-D0BB-4E38-879F-EA7AB274A15C}.Debug|Any CPU.ActiveCfg = Debug|Any CPU
		{80EC11CC-D0BB-4E38-879F-EA7AB274A15C}.Debug|Any CPU.Build.0 = Debug|Any CPU
		{80EC11CC-D0BB-4E38-879F-EA7AB274A15C}.Debug|ARM.ActiveCfg = Debug|Any CPU
		{80EC11CC-D0BB-4E38-879F-EA7AB274A15C}.Debug|ARM.Build.0 = Debug|Any CPU
		{80EC11CC-D0BB-4E38-879F-EA7AB274A15C}.Debug|iPhone.ActiveCfg = Debug|Any CPU
		{80EC11CC-D0BB-4E38-879F-EA7AB274A15C}.Debug|iPhone.Build.0 = Debug|Any CPU
		{80EC11CC-D0BB-4E38-879F-EA7AB274A15C}.Debug|iPhoneSimulator.ActiveCfg = Debug|Any CPU
		{80EC11CC-D0BB-4E38-879F-EA7AB274A15C}.Debug|iPhoneSimulator.Build.0 = Debug|Any CPU
		{80EC11CC-D0BB-4E38-879F-EA7AB274A15C}.Debug|x64.ActiveCfg = Debug|Any CPU
		{80EC11CC-D0BB-4E38-879F-EA7AB274A15C}.Debug|x64.Build.0 = Debug|Any CPU
		{80EC11CC-D0BB-4E38-879F-EA7AB274A15C}.Debug|x86.ActiveCfg = Debug|Any CPU
		{80EC11CC-D0BB-4E38-879F-EA7AB274A15C}.Debug|x86.Build.0 = Debug|Any CPU
		{80EC11CC-D0BB-4E38-879F-EA7AB274A15C}.Release|Any CPU.ActiveCfg = Release|Any CPU
		{80EC11CC-D0BB-4E38-879F-EA7AB274A15C}.Release|Any CPU.Build.0 = Release|Any CPU
		{80EC11CC-D0BB-4E38-879F-EA7AB274A15C}.Release|ARM.ActiveCfg = Release|Any CPU
		{80EC11CC-D0BB-4E38-879F-EA7AB274A15C}.Release|ARM.Build.0 = Release|Any CPU
		{80EC11CC-D0BB-4E38-879F-EA7AB274A15C}.Release|iPhone.ActiveCfg = Release|Any CPU
		{80EC11CC-D0BB-4E38-879F-EA7AB274A15C}.Release|iPhone.Build.0 = Release|Any CPU
		{80EC11CC-D0BB-4E38-879F-EA7AB274A15C}.Release|iPhoneSimulator.ActiveCfg = Release|Any CPU
		{80EC11CC-D0BB-4E38-879F-EA7AB274A15C}.Release|iPhoneSimulator.Build.0 = Release|Any CPU
		{80EC11CC-D0BB-4E38-879F-EA7AB274A15C}.Release|x64.ActiveCfg = Release|Any CPU
		{80EC11CC-D0BB-4E38-879F-EA7AB274A15C}.Release|x64.Build.0 = Release|Any CPU
		{80EC11CC-D0BB-4E38-879F-EA7AB274A15C}.Release|x86.ActiveCfg = Release|Any CPU
		{80EC11CC-D0BB-4E38-879F-EA7AB274A15C}.Release|x86.Build.0 = Release|Any CPU
		{755E554C-A32F-457F-8D65-1A39E1816AD6}.Ad-Hoc|Any CPU.ActiveCfg = Debug|Any CPU
		{755E554C-A32F-457F-8D65-1A39E1816AD6}.Ad-Hoc|Any CPU.Build.0 = Debug|Any CPU
		{755E554C-A32F-457F-8D65-1A39E1816AD6}.Ad-Hoc|ARM.ActiveCfg = Debug|Any CPU
		{755E554C-A32F-457F-8D65-1A39E1816AD6}.Ad-Hoc|ARM.Build.0 = Debug|Any CPU
		{755E554C-A32F-457F-8D65-1A39E1816AD6}.Ad-Hoc|iPhone.ActiveCfg = Debug|Any CPU
		{755E554C-A32F-457F-8D65-1A39E1816AD6}.Ad-Hoc|iPhone.Build.0 = Debug|Any CPU
		{755E554C-A32F-457F-8D65-1A39E1816AD6}.Ad-Hoc|iPhoneSimulator.ActiveCfg = Debug|Any CPU
		{755E554C-A32F-457F-8D65-1A39E1816AD6}.Ad-Hoc|iPhoneSimulator.Build.0 = Debug|Any CPU
		{755E554C-A32F-457F-8D65-1A39E1816AD6}.Ad-Hoc|x64.ActiveCfg = Debug|Any CPU
		{755E554C-A32F-457F-8D65-1A39E1816AD6}.Ad-Hoc|x64.Build.0 = Debug|Any CPU
		{755E554C-A32F-457F-8D65-1A39E1816AD6}.Ad-Hoc|x86.ActiveCfg = Debug|Any CPU
		{755E554C-A32F-457F-8D65-1A39E1816AD6}.Ad-Hoc|x86.Build.0 = Debug|Any CPU
		{755E554C-A32F-457F-8D65-1A39E1816AD6}.AppStore|Any CPU.ActiveCfg = Debug|Any CPU
		{755E554C-A32F-457F-8D65-1A39E1816AD6}.AppStore|Any CPU.Build.0 = Debug|Any CPU
		{755E554C-A32F-457F-8D65-1A39E1816AD6}.AppStore|ARM.ActiveCfg = Debug|Any CPU
		{755E554C-A32F-457F-8D65-1A39E1816AD6}.AppStore|ARM.Build.0 = Debug|Any CPU
		{755E554C-A32F-457F-8D65-1A39E1816AD6}.AppStore|iPhone.ActiveCfg = Debug|Any CPU
		{755E554C-A32F-457F-8D65-1A39E1816AD6}.AppStore|iPhone.Build.0 = Debug|Any CPU
		{755E554C-A32F-457F-8D65-1A39E1816AD6}.AppStore|iPhoneSimulator.ActiveCfg = Debug|Any CPU
		{755E554C-A32F-457F-8D65-1A39E1816AD6}.AppStore|iPhoneSimulator.Build.0 = Debug|Any CPU
		{755E554C-A32F-457F-8D65-1A39E1816AD6}.AppStore|x64.ActiveCfg = Debug|Any CPU
		{755E554C-A32F-457F-8D65-1A39E1816AD6}.AppStore|x64.Build.0 = Debug|Any CPU
		{755E554C-A32F-457F-8D65-1A39E1816AD6}.AppStore|x86.ActiveCfg = Debug|Any CPU
		{755E554C-A32F-457F-8D65-1A39E1816AD6}.AppStore|x86.Build.0 = Debug|Any CPU
		{755E554C-A32F-457F-8D65-1A39E1816AD6}.Debug|Any CPU.ActiveCfg = Debug|Any CPU
		{755E554C-A32F-457F-8D65-1A39E1816AD6}.Debug|Any CPU.Build.0 = Debug|Any CPU
		{755E554C-A32F-457F-8D65-1A39E1816AD6}.Debug|ARM.ActiveCfg = Debug|Any CPU
		{755E554C-A32F-457F-8D65-1A39E1816AD6}.Debug|ARM.Build.0 = Debug|Any CPU
		{755E554C-A32F-457F-8D65-1A39E1816AD6}.Debug|iPhone.ActiveCfg = Debug|Any CPU
		{755E554C-A32F-457F-8D65-1A39E1816AD6}.Debug|iPhone.Build.0 = Debug|Any CPU
		{755E554C-A32F-457F-8D65-1A39E1816AD6}.Debug|iPhoneSimulator.ActiveCfg = Debug|Any CPU
		{755E554C-A32F-457F-8D65-1A39E1816AD6}.Debug|iPhoneSimulator.Build.0 = Debug|Any CPU
		{755E554C-A32F-457F-8D65-1A39E1816AD6}.Debug|x64.ActiveCfg = Debug|Any CPU
		{755E554C-A32F-457F-8D65-1A39E1816AD6}.Debug|x64.Build.0 = Debug|Any CPU
		{755E554C-A32F-457F-8D65-1A39E1816AD6}.Debug|x86.ActiveCfg = Debug|Any CPU
		{755E554C-A32F-457F-8D65-1A39E1816AD6}.Debug|x86.Build.0 = Debug|Any CPU
		{755E554C-A32F-457F-8D65-1A39E1816AD6}.Release|Any CPU.ActiveCfg = Release|Any CPU
		{755E554C-A32F-457F-8D65-1A39E1816AD6}.Release|Any CPU.Build.0 = Release|Any CPU
		{755E554C-A32F-457F-8D65-1A39E1816AD6}.Release|ARM.ActiveCfg = Release|Any CPU
		{755E554C-A32F-457F-8D65-1A39E1816AD6}.Release|ARM.Build.0 = Release|Any CPU
		{755E554C-A32F-457F-8D65-1A39E1816AD6}.Release|iPhone.ActiveCfg = Release|Any CPU
		{755E554C-A32F-457F-8D65-1A39E1816AD6}.Release|iPhone.Build.0 = Release|Any CPU
		{755E554C-A32F-457F-8D65-1A39E1816AD6}.Release|iPhoneSimulator.ActiveCfg = Release|Any CPU
		{755E554C-A32F-457F-8D65-1A39E1816AD6}.Release|iPhoneSimulator.Build.0 = Release|Any CPU
		{755E554C-A32F-457F-8D65-1A39E1816AD6}.Release|x64.ActiveCfg = Release|Any CPU
		{755E554C-A32F-457F-8D65-1A39E1816AD6}.Release|x64.Build.0 = Release|Any CPU
		{755E554C-A32F-457F-8D65-1A39E1816AD6}.Release|x86.ActiveCfg = Release|Any CPU
		{755E554C-A32F-457F-8D65-1A39E1816AD6}.Release|x86.Build.0 = Release|Any CPU
		{D3AC6C2C-BBB7-4111-8DA3-E07835A1F23F}.Ad-Hoc|Any CPU.ActiveCfg = Release|Any CPU
		{D3AC6C2C-BBB7-4111-8DA3-E07835A1F23F}.Ad-Hoc|Any CPU.Build.0 = Release|Any CPU
		{D3AC6C2C-BBB7-4111-8DA3-E07835A1F23F}.Ad-Hoc|ARM.ActiveCfg = Release|ARM
		{D3AC6C2C-BBB7-4111-8DA3-E07835A1F23F}.Ad-Hoc|ARM.Build.0 = Release|ARM
		{D3AC6C2C-BBB7-4111-8DA3-E07835A1F23F}.Ad-Hoc|iPhone.ActiveCfg = Release|Any CPU
		{D3AC6C2C-BBB7-4111-8DA3-E07835A1F23F}.Ad-Hoc|iPhone.Build.0 = Release|Any CPU
		{D3AC6C2C-BBB7-4111-8DA3-E07835A1F23F}.Ad-Hoc|iPhoneSimulator.ActiveCfg = Release|Any CPU
		{D3AC6C2C-BBB7-4111-8DA3-E07835A1F23F}.Ad-Hoc|iPhoneSimulator.Build.0 = Release|Any CPU
		{D3AC6C2C-BBB7-4111-8DA3-E07835A1F23F}.Ad-Hoc|x64.ActiveCfg = Release|x64
		{D3AC6C2C-BBB7-4111-8DA3-E07835A1F23F}.Ad-Hoc|x64.Build.0 = Release|x64
		{D3AC6C2C-BBB7-4111-8DA3-E07835A1F23F}.Ad-Hoc|x86.ActiveCfg = Release|x86
		{D3AC6C2C-BBB7-4111-8DA3-E07835A1F23F}.Ad-Hoc|x86.Build.0 = Release|x86
		{D3AC6C2C-BBB7-4111-8DA3-E07835A1F23F}.AppStore|Any CPU.ActiveCfg = Release|Any CPU
		{D3AC6C2C-BBB7-4111-8DA3-E07835A1F23F}.AppStore|Any CPU.Build.0 = Release|Any CPU
		{D3AC6C2C-BBB7-4111-8DA3-E07835A1F23F}.AppStore|ARM.ActiveCfg = Release|ARM
		{D3AC6C2C-BBB7-4111-8DA3-E07835A1F23F}.AppStore|ARM.Build.0 = Release|ARM
		{D3AC6C2C-BBB7-4111-8DA3-E07835A1F23F}.AppStore|iPhone.ActiveCfg = Release|Any CPU
		{D3AC6C2C-BBB7-4111-8DA3-E07835A1F23F}.AppStore|iPhone.Build.0 = Release|Any CPU
		{D3AC6C2C-BBB7-4111-8DA3-E07835A1F23F}.AppStore|iPhoneSimulator.ActiveCfg = Release|Any CPU
		{D3AC6C2C-BBB7-4111-8DA3-E07835A1F23F}.AppStore|iPhoneSimulator.Build.0 = Release|Any CPU
		{D3AC6C2C-BBB7-4111-8DA3-E07835A1F23F}.AppStore|x64.ActiveCfg = Release|x64
		{D3AC6C2C-BBB7-4111-8DA3-E07835A1F23F}.AppStore|x64.Build.0 = Release|x64
		{D3AC6C2C-BBB7-4111-8DA3-E07835A1F23F}.AppStore|x86.ActiveCfg = Release|x86
		{D3AC6C2C-BBB7-4111-8DA3-E07835A1F23F}.AppStore|x86.Build.0 = Release|x86
		{D3AC6C2C-BBB7-4111-8DA3-E07835A1F23F}.Debug|Any CPU.ActiveCfg = Debug|Any CPU
		{D3AC6C2C-BBB7-4111-8DA3-E07835A1F23F}.Debug|Any CPU.Build.0 = Debug|Any CPU
		{D3AC6C2C-BBB7-4111-8DA3-E07835A1F23F}.Debug|ARM.ActiveCfg = Debug|ARM
		{D3AC6C2C-BBB7-4111-8DA3-E07835A1F23F}.Debug|ARM.Build.0 = Debug|ARM
		{D3AC6C2C-BBB7-4111-8DA3-E07835A1F23F}.Debug|iPhone.ActiveCfg = Debug|Any CPU
		{D3AC6C2C-BBB7-4111-8DA3-E07835A1F23F}.Debug|iPhone.Build.0 = Debug|Any CPU
		{D3AC6C2C-BBB7-4111-8DA3-E07835A1F23F}.Debug|iPhoneSimulator.ActiveCfg = Debug|Any CPU
		{D3AC6C2C-BBB7-4111-8DA3-E07835A1F23F}.Debug|iPhoneSimulator.Build.0 = Debug|Any CPU
		{D3AC6C2C-BBB7-4111-8DA3-E07835A1F23F}.Debug|x64.ActiveCfg = Debug|x64
		{D3AC6C2C-BBB7-4111-8DA3-E07835A1F23F}.Debug|x64.Build.0 = Debug|x64
		{D3AC6C2C-BBB7-4111-8DA3-E07835A1F23F}.Debug|x86.ActiveCfg = Debug|x86
		{D3AC6C2C-BBB7-4111-8DA3-E07835A1F23F}.Debug|x86.Build.0 = Debug|x86
		{D3AC6C2C-BBB7-4111-8DA3-E07835A1F23F}.Release|Any CPU.ActiveCfg = Release|Any CPU
		{D3AC6C2C-BBB7-4111-8DA3-E07835A1F23F}.Release|Any CPU.Build.0 = Release|Any CPU
		{D3AC6C2C-BBB7-4111-8DA3-E07835A1F23F}.Release|ARM.ActiveCfg = Release|ARM
		{D3AC6C2C-BBB7-4111-8DA3-E07835A1F23F}.Release|ARM.Build.0 = Release|ARM
		{D3AC6C2C-BBB7-4111-8DA3-E07835A1F23F}.Release|iPhone.ActiveCfg = Release|Any CPU
		{D3AC6C2C-BBB7-4111-8DA3-E07835A1F23F}.Release|iPhone.Build.0 = Release|Any CPU
		{D3AC6C2C-BBB7-4111-8DA3-E07835A1F23F}.Release|iPhoneSimulator.ActiveCfg = Release|Any CPU
		{D3AC6C2C-BBB7-4111-8DA3-E07835A1F23F}.Release|iPhoneSimulator.Build.0 = Release|Any CPU
		{D3AC6C2C-BBB7-4111-8DA3-E07835A1F23F}.Release|x64.ActiveCfg = Release|x64
		{D3AC6C2C-BBB7-4111-8DA3-E07835A1F23F}.Release|x64.Build.0 = Release|x64
		{D3AC6C2C-BBB7-4111-8DA3-E07835A1F23F}.Release|x86.ActiveCfg = Release|x86
		{D3AC6C2C-BBB7-4111-8DA3-E07835A1F23F}.Release|x86.Build.0 = Release|x86
	EndGlobalSection
	GlobalSection(SolutionProperties) = preSolution
		HideSolutionNode = FALSE
	EndGlobalSection
	GlobalSection(NestedProjects) = preSolution
		{8BDF8611-CBA1-43E2-A8C7-6AAB48D62A04} = {E6476302-DDD9-4ACB-A9A4-17200B55A598}
		{A1AAB97F-4197-4FE9-B17E-18CF0FE47BE1} = {443C7EA9-7019-40BC-909C-F25EE64D98EF}
		{D7235620-3AED-4D82-BFE8-D3F6CE39F28F} = {443C7EA9-7019-40BC-909C-F25EE64D98EF}
		{E703A582-E9B7-426E-BDB7-3DA1B1055283} = {443C7EA9-7019-40BC-909C-F25EE64D98EF}
		{D1F70104-67AC-43BF-ADBC-6F2983CB654F} = {443C7EA9-7019-40BC-909C-F25EE64D98EF}
		{E2891460-1B4F-499B-AA09-C5F106583C95} = {E6476302-DDD9-4ACB-A9A4-17200B55A598}
		{5DA13E73-FAE4-4228-A109-695835F7EA5C} = {E6476302-DDD9-4ACB-A9A4-17200B55A598}
		{1FDED3C4-F003-43E4-9A53-5CC417166857} = {E71E14C8-44EF-49E6-BB28-7D2343208DFB}
		{80EC11CC-D0BB-4E38-879F-EA7AB274A15C} = {E71E14C8-44EF-49E6-BB28-7D2343208DFB}
		{755E554C-A32F-457F-8D65-1A39E1816AD6} = {E71E14C8-44EF-49E6-BB28-7D2343208DFB}
		{D3AC6C2C-BBB7-4111-8DA3-E07835A1F23F} = {E6476302-DDD9-4ACB-A9A4-17200B55A598}
	EndGlobalSection
	GlobalSection(ExtensibilityGlobals) = postSolution
		SolutionGuid = {964DA5CA-8A8E-45F5-9A93-1CBBF520780A}
	EndGlobalSection
EndGlobal
